// !$*UTF8*$!
{
	archiveVersion = 1;
	classes = {
	};
	objectVersion = 46;
	objects = {

/* Begin PBXBuildFile section */
		D39739711A2E082300D0AB69 /* main.m in Sources */ = {isa = PBXBuildFile; fileRef = D39739701A2E082300D0AB69 /* main.m */; };
		D39739741A2E082300D0AB69 /* AppDelegate.m in Sources */ = {isa = PBXBuildFile; fileRef = D39739731A2E082300D0AB69 /* AppDelegate.m */; };
		D39739771A2E082300D0AB69 /* ViewController.m in Sources */ = {isa = PBXBuildFile; fileRef = D39739761A2E082300D0AB69 /* ViewController.m */; };
		D397397A1A2E082300D0AB69 /* Main.storyboard in Resources */ = {isa = PBXBuildFile; fileRef = D39739781A2E082300D0AB69 /* Main.storyboard */; };
		D397397C1A2E082300D0AB69 /* Images.xcassets in Resources */ = {isa = PBXBuildFile; fileRef = D397397B1A2E082300D0AB69 /* Images.xcassets */; };
		D397397F1A2E082300D0AB69 /* LaunchScreen.xib in Resources */ = {isa = PBXBuildFile; fileRef = D397397D1A2E082300D0AB69 /* LaunchScreen.xib */; };
		D397398B1A2E082300D0AB69 /* OpenMRS_iOSTests.m in Sources */ = {isa = PBXBuildFile; fileRef = D397398A1A2E082300D0AB69 /* OpenMRS_iOSTests.m */; };
/* End PBXBuildFile section */

/* Begin PBXContainerItemProxy section */
		D39739851A2E082300D0AB69 /* PBXContainerItemProxy */ = {
			isa = PBXContainerItemProxy;
			containerPortal = D39739631A2E082200D0AB69 /* Project object */;
			proxyType = 1;
			remoteGlobalIDString = D397396A1A2E082200D0AB69;
			remoteInfo = "OpenMRS-iOS";
		};
/* End PBXContainerItemProxy section */

/* Begin PBXFileReference section */
		D397396B1A2E082200D0AB69 /* OpenMRS-iOS.app */ = {isa = PBXFileReference; explicitFileType = wrapper.application; includeInIndex = 0; path = "OpenMRS-iOS.app"; sourceTree = BUILT_PRODUCTS_DIR; };
		D397396F1A2E082300D0AB69 /* Info.plist */ = {isa = PBXFileReference; lastKnownFileType = text.plist.xml; path = Info.plist; sourceTree = "<group>"; };
		D39739701A2E082300D0AB69 /* main.m */ = {isa = PBXFileReference; lastKnownFileType = sourcecode.c.objc; path = main.m; sourceTree = "<group>"; };
		D39739721A2E082300D0AB69 /* AppDelegate.h */ = {isa = PBXFileReference; lastKnownFileType = sourcecode.c.h; path = AppDelegate.h; sourceTree = "<group>"; };
		D39739731A2E082300D0AB69 /* AppDelegate.m */ = {isa = PBXFileReference; lastKnownFileType = sourcecode.c.objc; path = AppDelegate.m; sourceTree = "<group>"; };
		D39739751A2E082300D0AB69 /* ViewController.h */ = {isa = PBXFileReference; lastKnownFileType = sourcecode.c.h; path = ViewController.h; sourceTree = "<group>"; };
		D39739761A2E082300D0AB69 /* ViewController.m */ = {isa = PBXFileReference; lastKnownFileType = sourcecode.c.objc; path = ViewController.m; sourceTree = "<group>"; };
		D39739791A2E082300D0AB69 /* Base */ = {isa = PBXFileReference; lastKnownFileType = file.storyboard; name = Base; path = Base.lproj/Main.storyboard; sourceTree = "<group>"; };
		D397397B1A2E082300D0AB69 /* Images.xcassets */ = {isa = PBXFileReference; lastKnownFileType = folder.assetcatalog; path = Images.xcassets; sourceTree = "<group>"; };
		D397397E1A2E082300D0AB69 /* Base */ = {isa = PBXFileReference; lastKnownFileType = file.xib; name = Base; path = Base.lproj/LaunchScreen.xib; sourceTree = "<group>"; };
		D39739841A2E082300D0AB69 /* OpenMRS-iOSTests.xctest */ = {isa = PBXFileReference; explicitFileType = wrapper.cfbundle; includeInIndex = 0; path = "OpenMRS-iOSTests.xctest"; sourceTree = BUILT_PRODUCTS_DIR; };
		D39739891A2E082300D0AB69 /* Info.plist */ = {isa = PBXFileReference; lastKnownFileType = text.plist.xml; path = Info.plist; sourceTree = "<group>"; };
		D397398A1A2E082300D0AB69 /* OpenMRS_iOSTests.m */ = {isa = PBXFileReference; lastKnownFileType = sourcecode.c.objc; path = OpenMRS_iOSTests.m; sourceTree = "<group>"; };
/* End PBXFileReference section */

/* Begin PBXFrameworksBuildPhase section */
		D39739681A2E082200D0AB69 /* Frameworks */ = {
			isa = PBXFrameworksBuildPhase;
			buildActionMask = 2147483647;
			files = (
			);
			runOnlyForDeploymentPostprocessing = 0;
		};
		D39739811A2E082300D0AB69 /* Frameworks */ = {
			isa = PBXFrameworksBuildPhase;
			buildActionMask = 2147483647;
			files = (
			);
			runOnlyForDeploymentPostprocessing = 0;
		};
/* End PBXFrameworksBuildPhase section */

/* Begin PBXGroup section */
		D39739621A2E082200D0AB69 = {
			isa = PBXGroup;
			children = (
				D397396D1A2E082200D0AB69 /* OpenMRS-iOS */,
				D39739871A2E082300D0AB69 /* OpenMRS-iOSTests */,
				D397396C1A2E082200D0AB69 /* Products */,
			);
			sourceTree = "<group>";
		};
		D397396C1A2E082200D0AB69 /* Products */ = {
			isa = PBXGroup;
			children = (
				D397396B1A2E082200D0AB69 /* OpenMRS-iOS.app */,
				D39739841A2E082300D0AB69 /* OpenMRS-iOSTests.xctest */,
			);
			name = Products;
			sourceTree = "<group>";
		};
		D397396D1A2E082200D0AB69 /* OpenMRS-iOS */ = {
			isa = PBXGroup;
			children = (
				D39739721A2E082300D0AB69 /* AppDelegate.h */,
				D39739731A2E082300D0AB69 /* AppDelegate.m */,
				D39739751A2E082300D0AB69 /* ViewController.h */,
				D39739761A2E082300D0AB69 /* ViewController.m */,
				D39739781A2E082300D0AB69 /* Main.storyboard */,
				D397397B1A2E082300D0AB69 /* Images.xcassets */,
				D397397D1A2E082300D0AB69 /* LaunchScreen.xib */,
				D397396E1A2E082200D0AB69 /* Supporting Files */,
			);
			path = "OpenMRS-iOS";
			sourceTree = "<group>";
		};
		D397396E1A2E082200D0AB69 /* Supporting Files */ = {
			isa = PBXGroup;
			children = (
				D397396F1A2E082300D0AB69 /* Info.plist */,
				D39739701A2E082300D0AB69 /* main.m */,
			);
			name = "Supporting Files";
			sourceTree = "<group>";
		};
		D39739871A2E082300D0AB69 /* OpenMRS-iOSTests */ = {
			isa = PBXGroup;
			children = (
				D397398A1A2E082300D0AB69 /* OpenMRS_iOSTests.m */,
				D39739881A2E082300D0AB69 /* Supporting Files */,
			);
			path = "OpenMRS-iOSTests";
			sourceTree = "<group>";
		};
		D39739881A2E082300D0AB69 /* Supporting Files */ = {
			isa = PBXGroup;
			children = (
				D39739891A2E082300D0AB69 /* Info.plist */,
			);
			name = "Supporting Files";
			sourceTree = "<group>";
		};
/* End PBXGroup section */

/* Begin PBXNativeTarget section */
		D397396A1A2E082200D0AB69 /* OpenMRS-iOS */ = {
			isa = PBXNativeTarget;
			buildConfigurationList = D397398E1A2E082300D0AB69 /* Build configuration list for PBXNativeTarget "OpenMRS-iOS" */;
			buildPhases = (
				D39739671A2E082200D0AB69 /* Sources */,
				D39739681A2E082200D0AB69 /* Frameworks */,
				D39739691A2E082200D0AB69 /* Resources */,
			);
			buildRules = (
			);
			dependencies = (
			);
			name = "OpenMRS-iOS";
			productName = "OpenMRS-iOS";
			productReference = D397396B1A2E082200D0AB69 /* OpenMRS-iOS.app */;
			productType = "com.apple.product-type.application";
		};
		D39739831A2E082300D0AB69 /* OpenMRS-iOSTests */ = {
			isa = PBXNativeTarget;
			buildConfigurationList = D39739911A2E082300D0AB69 /* Build configuration list for PBXNativeTarget "OpenMRS-iOSTests" */;
			buildPhases = (
				D39739801A2E082300D0AB69 /* Sources */,
				D39739811A2E082300D0AB69 /* Frameworks */,
				D39739821A2E082300D0AB69 /* Resources */,
			);
			buildRules = (
			);
			dependencies = (
				D39739861A2E082300D0AB69 /* PBXTargetDependency */,
			);
			name = "OpenMRS-iOSTests";
			productName = "OpenMRS-iOSTests";
			productReference = D39739841A2E082300D0AB69 /* OpenMRS-iOSTests.xctest */;
			productType = "com.apple.product-type.bundle.unit-test";
		};
/* End PBXNativeTarget section */

/* Begin PBXProject section */
		D39739631A2E082200D0AB69 /* Project object */ = {
			isa = PBXProject;
			attributes = {
				LastUpgradeCheck = 0620;
				ORGANIZATIONNAME = "Erway Software";
				TargetAttributes = {
					D397396A1A2E082200D0AB69 = {
						CreatedOnToolsVersion = 6.2;
					};
					D39739831A2E082300D0AB69 = {
						CreatedOnToolsVersion = 6.2;
						TestTargetID = D397396A1A2E082200D0AB69;
					};
				};
			};
			buildConfigurationList = D39739661A2E082200D0AB69 /* Build configuration list for PBXProject "OpenMRS-iOS" */;
			compatibilityVersion = "Xcode 3.2";
			developmentRegion = English;
			hasScannedForEncodings = 0;
			knownRegions = (
				en,
				Base,
			);
			mainGroup = D39739621A2E082200D0AB69;
			productRefGroup = D397396C1A2E082200D0AB69 /* Products */;
			projectDirPath = "";
			projectRoot = "";
			targets = (
				D397396A1A2E082200D0AB69 /* OpenMRS-iOS */,
				D39739831A2E082300D0AB69 /* OpenMRS-iOSTests */,
			);
		};
/* End PBXProject section */

/* Begin PBXResourcesBuildPhase section */
		D39739691A2E082200D0AB69 /* Resources */ = {
			isa = PBXResourcesBuildPhase;
			buildActionMask = 2147483647;
			files = (
				D397397A1A2E082300D0AB69 /* Main.storyboard in Resources */,
				D397397F1A2E082300D0AB69 /* LaunchScreen.xib in Resources */,
				D397397C1A2E082300D0AB69 /* Images.xcassets in Resources */,
			);
			runOnlyForDeploymentPostprocessing = 0;
		};
		D39739821A2E082300D0AB69 /* Resources */ = {
			isa = PBXResourcesBuildPhase;
			buildActionMask = 2147483647;
			files = (
			);
			runOnlyForDeploymentPostprocessing = 0;
		};
/* End PBXResourcesBuildPhase section */

/* Begin PBXSourcesBuildPhase section */
		D39739671A2E082200D0AB69 /* Sources */ = {
			isa = PBXSourcesBuildPhase;
			buildActionMask = 2147483647;
			files = (
				D39739771A2E082300D0AB69 /* ViewController.m in Sources */,
				D39739741A2E082300D0AB69 /* AppDelegate.m in Sources */,
				D39739711A2E082300D0AB69 /* main.m in Sources */,
			);
			runOnlyForDeploymentPostprocessing = 0;
		};
		D39739801A2E082300D0AB69 /* Sources */ = {
			isa = PBXSourcesBuildPhase;
			buildActionMask = 2147483647;
			files = (
				D397398B1A2E082300D0AB69 /* OpenMRS_iOSTests.m in Sources */,
			);
			runOnlyForDeploymentPostprocessing = 0;
		};
/* End PBXSourcesBuildPhase section */

/* Begin PBXTargetDependency section */
		D39739861A2E082300D0AB69 /* PBXTargetDependency */ = {
			isa = PBXTargetDependency;
			target = D397396A1A2E082200D0AB69 /* OpenMRS-iOS */;
			targetProxy = D39739851A2E082300D0AB69 /* PBXContainerItemProxy */;
		};
/* End PBXTargetDependency section */

/* Begin PBXVariantGroup section */
		D39739781A2E082300D0AB69 /* Main.storyboard */ = {
			isa = PBXVariantGroup;
			children = (
				D39739791A2E082300D0AB69 /* Base */,
			);
			name = Main.storyboard;
			sourceTree = "<group>";
		};
		D397397D1A2E082300D0AB69 /* LaunchScreen.xib */ = {
			isa = PBXVariantGroup;
			children = (
				D397397E1A2E082300D0AB69 /* Base */,
			);
			name = LaunchScreen.xib;
			sourceTree = "<group>";
		};
/* End PBXVariantGroup section */

/* Begin XCBuildConfiguration section */
		D397398C1A2E082300D0AB69 /* Debug */ = {
			isa = XCBuildConfiguration;
			buildSettings = {
				ALWAYS_SEARCH_USER_PATHS = NO;
				CLANG_CXX_LANGUAGE_STANDARD = "gnu++0x";
				CLANG_CXX_LIBRARY = "libc++";
				CLANG_ENABLE_MODULES = YES;
				CLANG_ENABLE_OBJC_ARC = YES;
				CLANG_WARN_BOOL_CONVERSION = YES;
				CLANG_WARN_CONSTANT_CONVERSION = YES;
				CLANG_WARN_DIRECT_OBJC_ISA_USAGE = YES_ERROR;
				CLANG_WARN_EMPTY_BODY = YES;
				CLANG_WARN_ENUM_CONVERSION = YES;
				CLANG_WARN_INT_CONVERSION = YES;
				CLANG_WARN_OBJC_ROOT_CLASS = YES_ERROR;
				CLANG_WARN_UNREACHABLE_CODE = YES;
				CLANG_WARN__DUPLICATE_METHOD_MATCH = YES;
				"CODE_SIGN_IDENTITY[sdk=iphoneos*]" = "iPhone Developer";
				COPY_PHASE_STRIP = NO;
				ENABLE_STRICT_OBJC_MSGSEND = YES;
				GCC_C_LANGUAGE_STANDARD = gnu99;
				GCC_DYNAMIC_NO_PIC = NO;
				GCC_OPTIMIZATION_LEVEL = 0;
				GCC_PREPROCESSOR_DEFINITIONS = (
					"DEBUG=1",
					"$(inherited)",
				);
				GCC_SYMBOLS_PRIVATE_EXTERN = NO;
				GCC_WARN_64_TO_32_BIT_CONVERSION = YES;
				GCC_WARN_ABOUT_RETURN_TYPE = YES_ERROR;
				GCC_WARN_UNDECLARED_SELECTOR = YES;
				GCC_WARN_UNINITIALIZED_AUTOS = YES_AGGRESSIVE;
				GCC_WARN_UNUSED_FUNCTION = YES;
				GCC_WARN_UNUSED_VARIABLE = YES;
				IPHONEOS_DEPLOYMENT_TARGET = 8.2;
				MTL_ENABLE_DEBUG_INFO = YES;
				ONLY_ACTIVE_ARCH = YES;
				SDKROOT = iphoneos;
			};
			name = Debug;
		};
		D397398D1A2E082300D0AB69 /* Release */ = {
			isa = XCBuildConfiguration;
			buildSettings = {
				ALWAYS_SEARCH_USER_PATHS = NO;
				CLANG_CXX_LANGUAGE_STANDARD = "gnu++0x";
				CLANG_CXX_LIBRARY = "libc++";
				CLANG_ENABLE_MODULES = YES;
				CLANG_ENABLE_OBJC_ARC = YES;
				CLANG_WARN_BOOL_CONVERSION = YES;
				CLANG_WARN_CONSTANT_CONVERSION = YES;
				CLANG_WARN_DIRECT_OBJC_ISA_USAGE = YES_ERROR;
				CLANG_WARN_EMPTY_BODY = YES;
				CLANG_WARN_ENUM_CONVERSION = YES;
				CLANG_WARN_INT_CONVERSION = YES;
				CLANG_WARN_OBJC_ROOT_CLASS = YES_ERROR;
				CLANG_WARN_UNREACHABLE_CODE = YES;
				CLANG_WARN__DUPLICATE_METHOD_MATCH = YES;
				"CODE_SIGN_IDENTITY[sdk=iphoneos*]" = "iPhone Developer";
				COPY_PHASE_STRIP = YES;
				ENABLE_NS_ASSERTIONS = NO;
				ENABLE_STRICT_OBJC_MSGSEND = YES;
				GCC_C_LANGUAGE_STANDARD = gnu99;
				GCC_WARN_64_TO_32_BIT_CONVERSION = YES;
				GCC_WARN_ABOUT_RETURN_TYPE = YES_ERROR;
				GCC_WARN_UNDECLARED_SELECTOR = YES;
				GCC_WARN_UNINITIALIZED_AUTOS = YES_AGGRESSIVE;
				GCC_WARN_UNUSED_FUNCTION = YES;
				GCC_WARN_UNUSED_VARIABLE = YES;
				IPHONEOS_DEPLOYMENT_TARGET = 8.2;
				MTL_ENABLE_DEBUG_INFO = NO;
				SDKROOT = iphoneos;
				VALIDATE_PRODUCT = YES;
			};
			name = Release;
		};
		D397398F1A2E082300D0AB69 /* Debug */ = {
			isa = XCBuildConfiguration;
			buildSettings = {
				ASSETCATALOG_COMPILER_APPICON_NAME = AppIcon;
				INFOPLIST_FILE = "OpenMRS-iOS/Info.plist";
				LD_RUNPATH_SEARCH_PATHS = "$(inherited) @executable_path/Frameworks";
				PRODUCT_NAME = "$(TARGET_NAME)";
			};
			name = Debug;
		};
		D39739901A2E082300D0AB69 /* Release */ = {
			isa = XCBuildConfiguration;
			buildSettings = {
				ASSETCATALOG_COMPILER_APPICON_NAME = AppIcon;
				INFOPLIST_FILE = "OpenMRS-iOS/Info.plist";
				LD_RUNPATH_SEARCH_PATHS = "$(inherited) @executable_path/Frameworks";
				PRODUCT_NAME = "$(TARGET_NAME)";
			};
			name = Release;
		};
		D39739921A2E082300D0AB69 /* Debug */ = {
			isa = XCBuildConfiguration;
			buildSettings = {
				BUNDLE_LOADER = "$(TEST_HOST)";
				FRAMEWORK_SEARCH_PATHS = (
					"$(SDKROOT)/Developer/Library/Frameworks",
					"$(inherited)",
				);
				GCC_PREPROCESSOR_DEFINITIONS = (
					"DEBUG=1",
					"$(inherited)",
				);
				INFOPLIST_FILE = "OpenMRS-iOSTests/Info.plist";
				LD_RUNPATH_SEARCH_PATHS = "$(inherited) @executable_path/Frameworks @loader_path/Frameworks";
				PRODUCT_NAME = "$(TARGET_NAME)";
				TEST_HOST = "$(BUILT_PRODUCTS_DIR)/OpenMRS-iOS.app/OpenMRS-iOS";
			};
			name = Debug;
		};
		D39739931A2E082300D0AB69 /* Release */ = {
			isa = XCBuildConfiguration;
			buildSettings = {
				BUNDLE_LOADER = "$(TEST_HOST)";
				FRAMEWORK_SEARCH_PATHS = (
					"$(SDKROOT)/Developer/Library/Frameworks",
					"$(inherited)",
				);
				INFOPLIST_FILE = "OpenMRS-iOSTests/Info.plist";
				LD_RUNPATH_SEARCH_PATHS = "$(inherited) @executable_path/Frameworks @loader_path/Frameworks";
				PRODUCT_NAME = "$(TARGET_NAME)";
				TEST_HOST = "$(BUILT_PRODUCTS_DIR)/OpenMRS-iOS.app/OpenMRS-iOS";
			};
			name = Release;
		};
/* End XCBuildConfiguration section */

/* Begin XCConfigurationList section */
		D39739661A2E082200D0AB69 /* Build configuration list for PBXProject "OpenMRS-iOS" */ = {
			isa = XCConfigurationList;
			buildConfigurations = (
				D397398C1A2E082300D0AB69 /* Debug */,
				D397398D1A2E082300D0AB69 /* Release */,
			);
			defaultConfigurationIsVisible = 0;
			defaultConfigurationName = Release;
		};
		D397398E1A2E082300D0AB69 /* Build configuration list for PBXNativeTarget "OpenMRS-iOS" */ = {
			isa = XCConfigurationList;
			buildConfigurations = (
				D397398F1A2E082300D0AB69 /* Debug */,
				D39739901A2E082300D0AB69 /* Release */,
			);
			defaultConfigurationIsVisible = 0;
		};
		D39739911A2E082300D0AB69 /* Build configuration list for PBXNativeTarget "OpenMRS-iOSTests" */ = {
			isa = XCConfigurationList;
			buildConfigurations = (
				D39739921A2E082300D0AB69 /* Debug */,
				D39739931A2E082300D0AB69 /* Release */,
			);
			defaultConfigurationIsVisible = 0;
		};
/* End XCConfigurationList section */
	};
	rootObject = D39739631A2E082200D0AB69 /* Project object */;
}
