// !$*UTF8*$!
{
	archiveVersion = 1;
	classes = {
	};
	objectVersion = 46;
	objects = {

/* Begin PBXBuildFile section */
		240BE3A11B7E2191008E60DE /* form-thumbnail@3x.png in Resources */ = {isa = PBXBuildFile; fileRef = 240BE39E1B7E2191008E60DE /* form-thumbnail@3x.png */; };
		240BE3A21B7E2191008E60DE /* form-thumbnail@2x.png in Resources */ = {isa = PBXBuildFile; fileRef = 240BE39F1B7E2191008E60DE /* form-thumbnail@2x.png */; };
		240BE3A31B7E2191008E60DE /* form-thumbnail.png in Resources */ = {isa = PBXBuildFile; fileRef = 240BE3A01B7E2191008E60DE /* form-thumbnail.png */; };
		240F4EE31B5BB22900E943FC /* XFormsList.m in Sources */ = {isa = PBXBuildFile; fileRef = 240F4EE21B5BB22900E943FC /* XFormsList.m */; };
		240F4EE71B5BB31600E943FC /* XForms.m in Sources */ = {isa = PBXBuildFile; fileRef = 240F4EE61B5BB31600E943FC /* XForms.m */; };
		240F4EEB1B5D401000E943FC /* XFormsParser.m in Sources */ = {isa = PBXBuildFile; fileRef = 240F4EEA1B5D401000E943FC /* XFormsParser.m */; };
		240F4EEF1B5D415100E943FC /* XFormElement.m in Sources */ = {isa = PBXBuildFile; fileRef = 240F4EEE1B5D415100E943FC /* XFormElement.m */; };
		240F4EF31B5D852700E943FC /* XFormViewController.m in Sources */ = {isa = PBXBuildFile; fileRef = 240F4EF21B5D852700E943FC /* XFormViewController.m */; };
		2412409D1B626B63009E172B /* SimpleAudioViewController.m in Sources */ = {isa = PBXBuildFile; fileRef = 2412409C1B626B63009E172B /* SimpleAudioViewController.m */; };
		2412409F1B627766009E172B /* AVFoundation.framework in Frameworks */ = {isa = PBXBuildFile; fileRef = 2412409E1B627766009E172B /* AVFoundation.framework */; };
		241240A61B62854B009E172B /* MapViewController.m in Sources */ = {isa = PBXBuildFile; fileRef = 241240A21B62854B009E172B /* MapViewController.m */; };
		241240A81B62854B009E172B /* MapViewController.xib in Resources */ = {isa = PBXBuildFile; fileRef = 241240A51B62854B009E172B /* MapViewController.xib */; };
		243206711B30436700B54970 /* MRSHelperFunctions.m in Sources */ = {isa = PBXBuildFile; fileRef = 243206701B30436700B54970 /* MRSHelperFunctions.m */; };
		2436F2B11B49A01000294B4C /* EditPatientForm.m in Sources */ = {isa = PBXBuildFile; fileRef = 2436F2B01B49A01000294B4C /* EditPatientForm.m */; };
		2436F2B51B49D56C00294B4C /* Constants.m in Sources */ = {isa = PBXBuildFile; fileRef = 2436F2B41B49D56C00294B4C /* Constants.m */; };
		2437140E1B77422500CB9687 /* swipe-icon.png in Resources */ = {isa = PBXBuildFile; fileRef = 2437140D1B77422500CB9687 /* swipe-icon.png */; };
		243786491B47730900AB5089 /* SyncingEngine.m in Sources */ = {isa = PBXBuildFile; fileRef = 243786481B47730900AB5089 /* SyncingEngine.m */; };
		245E05421B7B89F00065FD45 /* Base64.m in Sources */ = {isa = PBXBuildFile; fileRef = 245E05411B7B89F00065FD45 /* Base64.m */; };
		245EDDC91B21A0F400B8C0EB /* user_icon.png in Resources */ = {isa = PBXBuildFile; fileRef = 245EDDC71B21A0F400B8C0EB /* user_icon.png */; };
		245EDDCA1B21A0F400B8C0EB /* vitals_icon.png in Resources */ = {isa = PBXBuildFile; fileRef = 245EDDC81B21A0F400B8C0EB /* vitals_icon.png */; };
		245EDDCD1B21A10B00B8C0EB /* user_icon@2x.png in Resources */ = {isa = PBXBuildFile; fileRef = 245EDDCB1B21A10B00B8C0EB /* user_icon@2x.png */; };
		245EDDCE1B21A10B00B8C0EB /* vitals_icon@2x.png in Resources */ = {isa = PBXBuildFile; fileRef = 245EDDCC1B21A10B00B8C0EB /* vitals_icon@2x.png */; };
		245EDDD11B21A11800B8C0EB /* user_icon@3x.png in Resources */ = {isa = PBXBuildFile; fileRef = 245EDDCF1B21A11800B8C0EB /* user_icon@3x.png */; };
		245EDDD21B21A11800B8C0EB /* vitals_icon@3x.png in Resources */ = {isa = PBXBuildFile; fileRef = 245EDDD01B21A11800B8C0EB /* vitals_icon@3x.png */; };
		246BAB2B1B77969B00979E50 /* no-image.png in Resources */ = {isa = PBXBuildFile; fileRef = 246BAB2A1B77969B00979E50 /* no-image.png */; };
		246BAB2F1B77A95700979E50 /* XFormAudioCell.m in Sources */ = {isa = PBXBuildFile; fileRef = 246BAB2E1B77A95700979E50 /* XFormAudioCell.m */; };
		2475ACA51B7761FB0008094B /* XFormImageCell.m in Sources */ = {isa = PBXBuildFile; fileRef = 2475ACA41B7761FB0008094B /* XFormImageCell.m */; };
		247B747C1B70B86C00BD3D3A /* XFormsStore.m in Sources */ = {isa = PBXBuildFile; fileRef = 247B747B1B70B86C00BD3D3A /* XFormsStore.m */; };
		247BC2861B7F5DAA00853B37 /* MRSAlertHandler.m in Sources */ = {isa = PBXBuildFile; fileRef = 247BC2851B7F5DAA00853B37 /* MRSAlertHandler.m */; };
		247BC2881B7F649A00853B37 /* AddPatientForm.m in Sources */ = {isa = PBXBuildFile; fileRef = 247BC2871B7F649A00853B37 /* AddPatientForm.m */; };
		247BC28B1B7F7BF100853B37 /* SettingsForm.m in Sources */ = {isa = PBXBuildFile; fileRef = 247BC28A1B7F7BF100853B37 /* SettingsForm.m */; };
		247BC28E1B7FC65600853B37 /* MBProgressExtension.m in Sources */ = {isa = PBXBuildFile; fileRef = 247BC28D1B7FC65600853B37 /* MBProgressExtension.m */; };
		247BC2911B7FC79400853B37 /* 37x-Checkmark.png in Resources */ = {isa = PBXBuildFile; fileRef = 247BC28F1B7FC79400853B37 /* 37x-Checkmark.png */; };
		247BC2921B7FC79400853B37 /* 37x-Checkmark@2x.png in Resources */ = {isa = PBXBuildFile; fileRef = 247BC2901B7FC79400853B37 /* 37x-Checkmark@2x.png */; };
		247BC2981B811B3600853B37 /* openmrs-logo.png in Resources */ = {isa = PBXBuildFile; fileRef = 247BC2951B811B3600853B37 /* openmrs-logo.png */; };
		247BC2991B811B3600853B37 /* openmrs-logo@2x.png in Resources */ = {isa = PBXBuildFile; fileRef = 247BC2961B811B3600853B37 /* openmrs-logo@2x.png */; };
		247BC29A1B811B3600853B37 /* openmrs-logo@3x.png in Resources */ = {isa = PBXBuildFile; fileRef = 247BC2971B811B3600853B37 /* openmrs-logo@3x.png */; };
		248A46171B7A64A400E9F098 /* form-icon.png in Resources */ = {isa = PBXBuildFile; fileRef = 248A46141B7A64A400E9F098 /* form-icon.png */; };
		248A46181B7A64A400E9F098 /* form-icon@2x.png in Resources */ = {isa = PBXBuildFile; fileRef = 248A46151B7A64A400E9F098 /* form-icon@2x.png */; };
		248A46191B7A64A400E9F098 /* form-icon@3x.png in Resources */ = {isa = PBXBuildFile; fileRef = 248A46161B7A64A400E9F098 /* form-icon@3x.png */; };
		2494E8E81B3CC1BC00ABFE53 /* IdentifierTypeCell.m in Sources */ = {isa = PBXBuildFile; fileRef = 2494E8E71B3CC1BC00ABFE53 /* IdentifierTypeCell.m */; };
		2494E8EE1B3CDCF300ABFE53 /* launchImage.png in Resources */ = {isa = PBXBuildFile; fileRef = 2494E8ED1B3CDCF300ABFE53 /* launchImage.png */; };
		24A8DEC71B18C18A00F5FF84 /* active_visits_icon@3x.png in Resources */ = {isa = PBXBuildFile; fileRef = 24A8DEC41B18C18A00F5FF84 /* active_visits_icon@3x.png */; };
		24A8DEC81B18C18A00F5FF84 /* active_visits_icon@2x.png in Resources */ = {isa = PBXBuildFile; fileRef = 24A8DEC51B18C18A00F5FF84 /* active_visits_icon@2x.png */; };
		24A8DEC91B18C18A00F5FF84 /* active_visits_icon.png in Resources */ = {isa = PBXBuildFile; fileRef = 24A8DEC61B18C18A00F5FF84 /* active_visits_icon.png */; };
		24A8DECC1B18F66E00F5FF84 /* ActiveVisitsList.m in Sources */ = {isa = PBXBuildFile; fileRef = 24A8DECB1B18F66E00F5FF84 /* ActiveVisitsList.m */; };
		24B974351B3473EF000DD2E7 /* Localizable.strings in Resources */ = {isa = PBXBuildFile; fileRef = 24B974371B3473EF000DD2E7 /* Localizable.strings */; };
		24C1E0E01B793953003A13A9 /* play_button_active.png in Resources */ = {isa = PBXBuildFile; fileRef = 24C1E0DE1B793953003A13A9 /* play_button_active.png */; };
		24C1E0E11B793953003A13A9 /* play_button_disabled.png in Resources */ = {isa = PBXBuildFile; fileRef = 24C1E0DF1B793953003A13A9 /* play_button_disabled.png */; };
		24C1E0E31B793AF2003A13A9 /* record_plain.png in Resources */ = {isa = PBXBuildFile; fileRef = 24C1E0E21B793AF2003A13A9 /* record_plain.png */; };
		24D127511B0DF6140018AA1D /* MRSDateUtilities.m in Sources */ = {isa = PBXBuildFile; fileRef = 24D127501B0DF6140018AA1D /* MRSDateUtilities.m */; };
		24D5CECC1B4B4DB500F1D660 /* settings_icon.png in Resources */ = {isa = PBXBuildFile; fileRef = 24D5CEC91B4B4DB500F1D660 /* settings_icon.png */; };
		24D5CECD1B4B4DB500F1D660 /* settings_icon@2x.png in Resources */ = {isa = PBXBuildFile; fileRef = 24D5CECA1B4B4DB500F1D660 /* settings_icon@2x.png */; };
		24D5CECE1B4B4DB500F1D660 /* settings_icon@3x.png in Resources */ = {isa = PBXBuildFile; fileRef = 24D5CECB1B4B4DB500F1D660 /* settings_icon@3x.png */; };
		24DAC0D71B397F680089AD12 /* MRSVisitCell.m in Sources */ = {isa = PBXBuildFile; fileRef = 24DAC0D61B397F680089AD12 /* MRSVisitCell.m */; };
		65BE2B3E2C5F8BE1FB7090C2 /* libPods.a in Frameworks */ = {isa = PBXBuildFile; fileRef = 87CFC2F5FC6F1445E8327AF6 /* libPods.a */; };
		D3079E751A3D4DED00E308C7 /* add_patient_icon@2x.png in Resources */ = {isa = PBXBuildFile; fileRef = D3079E721A3D4DED00E308C7 /* add_patient_icon@2x.png */; };
		D3079E761A3D4DED00E308C7 /* add_patient_icon.png in Resources */ = {isa = PBXBuildFile; fileRef = D3079E731A3D4DED00E308C7 /* add_patient_icon.png */; };
		D3079E771A3D4DED00E308C7 /* add_patient_icon@3x.png in Resources */ = {isa = PBXBuildFile; fileRef = D3079E741A3D4DED00E308C7 /* add_patient_icon@3x.png */; };
		D317E7F61A4C6BD300E05212 /* OrderedDictionary.m in Sources */ = {isa = PBXBuildFile; fileRef = D317E7F41A4C6BD300E05212 /* OrderedDictionary.m */; };
		D34BF5391A3BA7BE009205C9 /* AddVisitNoteTableViewController.m in Sources */ = {isa = PBXBuildFile; fileRef = D34BF5381A3BA7BE009205C9 /* AddVisitNoteTableViewController.m */; };
		D3540AA51CC69A9900610C26 /* PatientPeekNavigationController.swift in Sources */ = {isa = PBXBuildFile; fileRef = D3540AA41CC69A9900610C26 /* PatientPeekNavigationController.swift */; };
		D3540AA71CC6F17100610C26 /* MapViewController.swift in Sources */ = {isa = PBXBuildFile; fileRef = D3540AA61CC6F17100610C26 /* MapViewController.swift */; };
		D3540AA91CC6F3E200610C26 /* CoreLocation.framework in Frameworks */ = {isa = PBXBuildFile; fileRef = D3540AA81CC6F3E200610C26 /* CoreLocation.framework */; };
		D3540AAB1CC6F7E400610C26 /* MapKit.framework in Frameworks */ = {isa = PBXBuildFile; fileRef = D3540AAA1CC6F7E400610C26 /* MapKit.framework */; };
		D3540AAD1CC6F8D400610C26 /* PatientAddressAnnotation.swift in Sources */ = {isa = PBXBuildFile; fileRef = D3540AAC1CC6F8D400610C26 /* PatientAddressAnnotation.swift */; };
		D37674271A3BB114003A8005 /* MRSLocation.m in Sources */ = {isa = PBXBuildFile; fileRef = D37674261A3BB114003A8005 /* MRSLocation.m */; };
		D376742A1A3BB254003A8005 /* LocationListTableViewController.m in Sources */ = {isa = PBXBuildFile; fileRef = D37674291A3BB254003A8005 /* LocationListTableViewController.m */; };
		D38DB4F51A316FAA00E2CF23 /* EncounterViewController.m in Sources */ = {isa = PBXBuildFile; fileRef = D38DB4F41A316FAA00E2CF23 /* EncounterViewController.m */; };
		D38DB4F81A320EF700E2CF23 /* MRSEncounterOb.m in Sources */ = {isa = PBXBuildFile; fileRef = D38DB4F71A320EF700E2CF23 /* MRSEncounterOb.m */; };
		D38DB4FB1A3216A300E2CF23 /* SelectEncounterTypeView.m in Sources */ = {isa = PBXBuildFile; fileRef = D38DB4FA1A3216A300E2CF23 /* SelectEncounterTypeView.m */; };
		D38DB4FE1A3216CF00E2CF23 /* MRSEncounterType.m in Sources */ = {isa = PBXBuildFile; fileRef = D38DB4FD1A3216CF00E2CF23 /* MRSEncounterType.m */; };
		D396A5261A2E09DE00DE6448 /* PatientViewController.m in Sources */ = {isa = PBXBuildFile; fileRef = D396A5131A2E09DE00DE6448 /* PatientViewController.m */; };
		D396A5271A2E09DE00DE6448 /* AppDelegate.m in Sources */ = {isa = PBXBuildFile; fileRef = D396A5151A2E09DE00DE6448 /* AppDelegate.m */; };
		D396A5281A2E09DE00DE6448 /* SignInViewController.m in Sources */ = {isa = PBXBuildFile; fileRef = D396A5171A2E09DE00DE6448 /* SignInViewController.m */; };
		D396A5291A2E09DE00DE6448 /* OpenMRSAPIManager.m in Sources */ = {isa = PBXBuildFile; fileRef = D396A5191A2E09DE00DE6448 /* OpenMRSAPIManager.m */; };
		D396A52A1A2E09DE00DE6448 /* KeychainItemWrapper.m in Sources */ = {isa = PBXBuildFile; fileRef = D396A51B1A2E09DE00DE6448 /* KeychainItemWrapper.m */; settings = {COMPILER_FLAGS = "-fno-objc-arc"; }; };
		D396A52C1A2E09DE00DE6448 /* PatientSearchViewController.m in Sources */ = {isa = PBXBuildFile; fileRef = D396A51F1A2E09DE00DE6448 /* PatientSearchViewController.m */; };
		D396A52D1A2E09DE00DE6448 /* MRSPatient.m in Sources */ = {isa = PBXBuildFile; fileRef = D396A5211A2E09DE00DE6448 /* MRSPatient.m */; };
		D396A52E1A2E09DE00DE6448 /* CredentialsLayer.m in Sources */ = {isa = PBXBuildFile; fileRef = D396A5231A2E09DE00DE6448 /* CredentialsLayer.m */; };
		D396A5471A2E396300DE6448 /* MRSVisit.m in Sources */ = {isa = PBXBuildFile; fileRef = D396A5461A2E396300DE6448 /* MRSVisit.m */; };
		D396A54A1A2E3CBC00DE6448 /* MRSEncounter.m in Sources */ = {isa = PBXBuildFile; fileRef = D396A5491A2E3CBC00DE6448 /* MRSEncounter.m */; };
		D396A54D1A2E3E5600DE6448 /* PatientEncounterListView.m in Sources */ = {isa = PBXBuildFile; fileRef = D396A54C1A2E3E5600DE6448 /* PatientEncounterListView.m */; };
		D396A5501A2E3F7600DE6448 /* PatientVisitListView.m in Sources */ = {isa = PBXBuildFile; fileRef = D396A54F1A2E3F7600DE6448 /* PatientVisitListView.m */; };
		D396EAF11A363E4000191F50 /* MainMenuCollectionViewController.m in Sources */ = {isa = PBXBuildFile; fileRef = D396EAF01A363E4000191F50 /* MainMenuCollectionViewController.m */; };
		D396EAF51A36460500191F50 /* search_icon.png in Resources */ = {isa = PBXBuildFile; fileRef = D396EAF21A36460500191F50 /* search_icon.png */; };
		D396EAF61A36460500191F50 /* search_icon@2x.png in Resources */ = {isa = PBXBuildFile; fileRef = D396EAF31A36460500191F50 /* search_icon@2x.png */; };
		D396EAF71A36460500191F50 /* search_icon@3x.png in Resources */ = {isa = PBXBuildFile; fileRef = D396EAF41A36460500191F50 /* search_icon@3x.png */; };
		D39739711A2E082300D0AB69 /* main.m in Sources */ = {isa = PBXBuildFile; fileRef = D39739701A2E082300D0AB69 /* main.m */; };
		D397398B1A2E082300D0AB69 /* OpenMRS_iOSTests.m in Sources */ = {isa = PBXBuildFile; fileRef = D397398A1A2E082300D0AB69 /* OpenMRS_iOSTests.m */; };
		D39AD7AB1A3BFE8600C01540 /* CaptureVitalsTableViewController.m in Sources */ = {isa = PBXBuildFile; fileRef = D39AD7AA1A3BFE8600C01540 /* CaptureVitalsTableViewController.m */; };
		D39AD7AE1A3C081000C01540 /* MRSVital.m in Sources */ = {isa = PBXBuildFile; fileRef = D39AD7AD1A3C081000C01540 /* MRSVital.m */; };
		D3A4728B1A3770B4002A0BBD /* AddPatientTableViewController.m in Sources */ = {isa = PBXBuildFile; fileRef = D3A4728A1A3770B4002A0BBD /* AddPatientTableViewController.m */; };
		D3A4728E1A37794D002A0BBD /* MRSPerson.m in Sources */ = {isa = PBXBuildFile; fileRef = D3A4728D1A37794D002A0BBD /* MRSPerson.m */; };
		D3A57DBC1B2E5BF800F25F30 /* active_visits_tab_bar_icon.png in Resources */ = {isa = PBXBuildFile; fileRef = D3A57DB91B2E5BF800F25F30 /* active_visits_tab_bar_icon.png */; };
		D3A57DBD1B2E5BF800F25F30 /* active_visits_tab_bar_icon@2x.png in Resources */ = {isa = PBXBuildFile; fileRef = D3A57DBA1B2E5BF800F25F30 /* active_visits_tab_bar_icon@2x.png */; };
		D3A57DBE1B2E5BF800F25F30 /* active_visits_tab_bar_icon@3x.png in Resources */ = {isa = PBXBuildFile; fileRef = D3A57DBB1B2E5BF800F25F30 /* active_visits_tab_bar_icon@3x.png */; };
		D3A869511A32B3D400D1963F /* CoreData.framework in Frameworks */ = {isa = PBXBuildFile; fileRef = D3A869501A32B3D400D1963F /* CoreData.framework */; };
		D3B241821BD8231400E09F36 /* openmrs-offline.xcdatamodeld in Sources */ = {isa = PBXBuildFile; fileRef = D3B2417F1BD8231400E09F36 /* openmrs-offline.xcdatamodeld */; };
		D3DCBBF81A71F4940024D088 /* StartVisitViewController.swift in Sources */ = {isa = PBXBuildFile; fileRef = D3DCBBF71A71F4940024D088 /* StartVisitViewController.swift */; };
		D3E47BA31A3A00C0004B3F95 /* MRSPatientIdentifierType.m in Sources */ = {isa = PBXBuildFile; fileRef = D3E47BA21A3A00C0004B3F95 /* MRSPatientIdentifierType.m */; };
		D3E47BA61A3A0213004B3F95 /* SelectPatientIdentifierTypeTableViewController.m in Sources */ = {isa = PBXBuildFile; fileRef = D3E47BA51A3A0213004B3F95 /* SelectPatientIdentifierTypeTableViewController.m */; };
		D3E47BA91A3A08EF004B3F95 /* MRSPatientIdentifier.m in Sources */ = {isa = PBXBuildFile; fileRef = D3E47BA81A3A08EF004B3F95 /* MRSPatientIdentifier.m */; };
		D3F61E101CC7EB54002F8260 /* Launch Screen.storyboard in Resources */ = {isa = PBXBuildFile; fileRef = D3F61E0F1CC7EB54002F8260 /* Launch Screen.storyboard */; };
		D3F797BA1A71F690008E6064 /* SelectVisitTypeView.swift in Sources */ = {isa = PBXBuildFile; fileRef = D3F797B91A71F690008E6064 /* SelectVisitTypeView.swift */; };
		D3F797BC1A71F72B008E6064 /* MRSVisitType.swift in Sources */ = {isa = PBXBuildFile; fileRef = D3F797BB1A71F72B008E6064 /* MRSVisitType.swift */; };
		D3FAEFFE1A51C1CD002B1BF7 /* Images.xcassets in Resources */ = {isa = PBXBuildFile; fileRef = D3FAEFFD1A51C1CD002B1BF7 /* Images.xcassets */; };
/* End PBXBuildFile section */

/* Begin PBXContainerItemProxy section */
		D39739851A2E082300D0AB69 /* PBXContainerItemProxy */ = {
			isa = PBXContainerItemProxy;
			containerPortal = D39739631A2E082200D0AB69 /* Project object */;
			proxyType = 1;
			remoteGlobalIDString = D397396A1A2E082200D0AB69;
			remoteInfo = "OpenMRS-iOS";
		};
/* End PBXContainerItemProxy section */

/* Begin PBXFileReference section */
		240BE39E1B7E2191008E60DE /* form-thumbnail@3x.png */ = {isa = PBXFileReference; lastKnownFileType = image.png; path = "form-thumbnail@3x.png"; sourceTree = "<group>"; };
		240BE39F1B7E2191008E60DE /* form-thumbnail@2x.png */ = {isa = PBXFileReference; lastKnownFileType = image.png; path = "form-thumbnail@2x.png"; sourceTree = "<group>"; };
		240BE3A01B7E2191008E60DE /* form-thumbnail.png */ = {isa = PBXFileReference; lastKnownFileType = image.png; path = "form-thumbnail.png"; sourceTree = "<group>"; };
		240F4EE11B5BB22900E943FC /* XFormsList.h */ = {isa = PBXFileReference; fileEncoding = 4; lastKnownFileType = sourcecode.c.h; path = XFormsList.h; sourceTree = "<group>"; };
		240F4EE21B5BB22900E943FC /* XFormsList.m */ = {isa = PBXFileReference; fileEncoding = 4; lastKnownFileType = sourcecode.c.objc; path = XFormsList.m; sourceTree = "<group>"; };
		240F4EE51B5BB31600E943FC /* XForms.h */ = {isa = PBXFileReference; fileEncoding = 4; lastKnownFileType = sourcecode.c.h; path = XForms.h; sourceTree = "<group>"; };
		240F4EE61B5BB31600E943FC /* XForms.m */ = {isa = PBXFileReference; fileEncoding = 4; lastKnownFileType = sourcecode.c.objc; path = XForms.m; sourceTree = "<group>"; };
		240F4EE91B5D401000E943FC /* XFormsParser.h */ = {isa = PBXFileReference; fileEncoding = 4; lastKnownFileType = sourcecode.c.h; path = XFormsParser.h; sourceTree = "<group>"; };
		240F4EEA1B5D401000E943FC /* XFormsParser.m */ = {isa = PBXFileReference; fileEncoding = 4; lastKnownFileType = sourcecode.c.objc; path = XFormsParser.m; sourceTree = "<group>"; };
		240F4EED1B5D415100E943FC /* XFormElement.h */ = {isa = PBXFileReference; fileEncoding = 4; lastKnownFileType = sourcecode.c.h; path = XFormElement.h; sourceTree = "<group>"; };
		240F4EEE1B5D415100E943FC /* XFormElement.m */ = {isa = PBXFileReference; fileEncoding = 4; lastKnownFileType = sourcecode.c.objc; path = XFormElement.m; sourceTree = "<group>"; };
		240F4EF11B5D852700E943FC /* XFormViewController.h */ = {isa = PBXFileReference; fileEncoding = 4; lastKnownFileType = sourcecode.c.h; path = XFormViewController.h; sourceTree = "<group>"; };
		240F4EF21B5D852700E943FC /* XFormViewController.m */ = {isa = PBXFileReference; fileEncoding = 4; lastKnownFileType = sourcecode.c.objc; path = XFormViewController.m; sourceTree = "<group>"; };
		2412409B1B626B63009E172B /* SimpleAudioViewController.h */ = {isa = PBXFileReference; fileEncoding = 4; lastKnownFileType = sourcecode.c.h; path = SimpleAudioViewController.h; sourceTree = "<group>"; };
		2412409C1B626B63009E172B /* SimpleAudioViewController.m */ = {isa = PBXFileReference; fileEncoding = 4; lastKnownFileType = sourcecode.c.objc; path = SimpleAudioViewController.m; sourceTree = "<group>"; };
		2412409E1B627766009E172B /* AVFoundation.framework */ = {isa = PBXFileReference; lastKnownFileType = wrapper.framework; name = AVFoundation.framework; path = System/Library/Frameworks/AVFoundation.framework; sourceTree = SDKROOT; };
		241240A11B62854B009E172B /* MapViewController.h */ = {isa = PBXFileReference; fileEncoding = 4; lastKnownFileType = sourcecode.c.h; path = MapViewController.h; sourceTree = "<group>"; };
		241240A21B62854B009E172B /* MapViewController.m */ = {isa = PBXFileReference; fileEncoding = 4; lastKnownFileType = sourcecode.c.objc; path = MapViewController.m; sourceTree = "<group>"; };
		241240A51B62854B009E172B /* MapViewController.xib */ = {isa = PBXFileReference; fileEncoding = 4; lastKnownFileType = file.xib; path = MapViewController.xib; sourceTree = "<group>"; };
		2432066F1B30436700B54970 /* MRSHelperFunctions.h */ = {isa = PBXFileReference; fileEncoding = 4; lastKnownFileType = sourcecode.c.h; path = MRSHelperFunctions.h; sourceTree = "<group>"; };
		243206701B30436700B54970 /* MRSHelperFunctions.m */ = {isa = PBXFileReference; fileEncoding = 4; lastKnownFileType = sourcecode.c.objc; path = MRSHelperFunctions.m; sourceTree = "<group>"; };
		2436F2AF1B49A01000294B4C /* EditPatientForm.h */ = {isa = PBXFileReference; fileEncoding = 4; lastKnownFileType = sourcecode.c.h; path = EditPatientForm.h; sourceTree = "<group>"; };
		2436F2B01B49A01000294B4C /* EditPatientForm.m */ = {isa = PBXFileReference; fileEncoding = 4; lastKnownFileType = sourcecode.c.objc; path = EditPatientForm.m; sourceTree = "<group>"; };
		2436F2B31B49D56C00294B4C /* Constants.h */ = {isa = PBXFileReference; fileEncoding = 4; lastKnownFileType = sourcecode.c.h; path = Constants.h; sourceTree = "<group>"; };
		2436F2B41B49D56C00294B4C /* Constants.m */ = {isa = PBXFileReference; fileEncoding = 4; lastKnownFileType = sourcecode.c.objc; path = Constants.m; sourceTree = "<group>"; };
		2437140D1B77422500CB9687 /* swipe-icon.png */ = {isa = PBXFileReference; lastKnownFileType = image.png; path = "swipe-icon.png"; sourceTree = "<group>"; };
		2437863D1B46A2B600AB5089 /* ms */ = {isa = PBXFileReference; lastKnownFileType = text.plist.strings; name = ms; path = ms.lproj/Localizable.strings; sourceTree = "<group>"; };
		2437863E1B46A64200AB5089 /* es */ = {isa = PBXFileReference; lastKnownFileType = text.plist.strings; name = es; path = es.lproj/Localizable.strings; sourceTree = "<group>"; };
		2437863F1B46A6C900AB5089 /* ca */ = {isa = PBXFileReference; lastKnownFileType = text.plist.strings; name = ca; path = ca.lproj/Localizable.strings; sourceTree = "<group>"; };
		243786401B46A75A00AB5089 /* pt */ = {isa = PBXFileReference; lastKnownFileType = text.plist.strings; name = pt; path = pt.lproj/Localizable.strings; sourceTree = "<group>"; };
		243786411B46B81A00AB5089 /* AddPatientForm.h */ = {isa = PBXFileReference; fileEncoding = 4; lastKnownFileType = sourcecode.c.h; path = AddPatientForm.h; sourceTree = "<group>"; };
		243786471B47730900AB5089 /* SyncingEngine.h */ = {isa = PBXFileReference; fileEncoding = 4; lastKnownFileType = sourcecode.c.h; path = SyncingEngine.h; sourceTree = "<group>"; };
		243786481B47730900AB5089 /* SyncingEngine.m */ = {isa = PBXFileReference; fileEncoding = 4; lastKnownFileType = sourcecode.c.objc; path = SyncingEngine.m; sourceTree = "<group>"; };
		243FFBEF1B3AE781007E717D /* fr */ = {isa = PBXFileReference; lastKnownFileType = text.plist.strings; name = fr; path = fr.lproj/Localizable.strings; sourceTree = "<group>"; };
		245E05401B7B89F00065FD45 /* Base64.h */ = {isa = PBXFileReference; fileEncoding = 4; lastKnownFileType = sourcecode.c.h; path = Base64.h; sourceTree = "<group>"; };
		245E05411B7B89F00065FD45 /* Base64.m */ = {isa = PBXFileReference; fileEncoding = 4; lastKnownFileType = sourcecode.c.objc; path = Base64.m; sourceTree = "<group>"; };
		245EDDC71B21A0F400B8C0EB /* user_icon.png */ = {isa = PBXFileReference; lastKnownFileType = image.png; path = user_icon.png; sourceTree = "<group>"; };
		245EDDC81B21A0F400B8C0EB /* vitals_icon.png */ = {isa = PBXFileReference; lastKnownFileType = image.png; path = vitals_icon.png; sourceTree = "<group>"; };
		245EDDCB1B21A10B00B8C0EB /* user_icon@2x.png */ = {isa = PBXFileReference; lastKnownFileType = image.png; path = "user_icon@2x.png"; sourceTree = "<group>"; };
		245EDDCC1B21A10B00B8C0EB /* vitals_icon@2x.png */ = {isa = PBXFileReference; lastKnownFileType = image.png; path = "vitals_icon@2x.png"; sourceTree = "<group>"; };
		245EDDCF1B21A11800B8C0EB /* user_icon@3x.png */ = {isa = PBXFileReference; lastKnownFileType = image.png; path = "user_icon@3x.png"; sourceTree = "<group>"; };
		245EDDD01B21A11800B8C0EB /* vitals_icon@3x.png */ = {isa = PBXFileReference; lastKnownFileType = image.png; path = "vitals_icon@3x.png"; sourceTree = "<group>"; };
		246BAB2A1B77969B00979E50 /* no-image.png */ = {isa = PBXFileReference; lastKnownFileType = image.png; path = "no-image.png"; sourceTree = "<group>"; };
		246BAB2D1B77A95700979E50 /* XFormAudioCell.h */ = {isa = PBXFileReference; fileEncoding = 4; lastKnownFileType = sourcecode.c.h; path = XFormAudioCell.h; sourceTree = "<group>"; };
		246BAB2E1B77A95700979E50 /* XFormAudioCell.m */ = {isa = PBXFileReference; fileEncoding = 4; lastKnownFileType = sourcecode.c.objc; path = XFormAudioCell.m; sourceTree = "<group>"; };
		2475ACA31B7761FB0008094B /* XFormImageCell.h */ = {isa = PBXFileReference; fileEncoding = 4; lastKnownFileType = sourcecode.c.h; path = XFormImageCell.h; sourceTree = "<group>"; };
		2475ACA41B7761FB0008094B /* XFormImageCell.m */ = {isa = PBXFileReference; fileEncoding = 4; lastKnownFileType = sourcecode.c.objc; path = XFormImageCell.m; sourceTree = "<group>"; };
		247B747A1B70B86C00BD3D3A /* XFormsStore.h */ = {isa = PBXFileReference; fileEncoding = 4; lastKnownFileType = sourcecode.c.h; path = XFormsStore.h; sourceTree = "<group>"; };
		247B747B1B70B86C00BD3D3A /* XFormsStore.m */ = {isa = PBXFileReference; fileEncoding = 4; lastKnownFileType = sourcecode.c.objc; path = XFormsStore.m; sourceTree = "<group>"; };
		247BC2841B7F5DAA00853B37 /* MRSAlertHandler.h */ = {isa = PBXFileReference; fileEncoding = 4; lastKnownFileType = sourcecode.c.h; path = MRSAlertHandler.h; sourceTree = "<group>"; };
		247BC2851B7F5DAA00853B37 /* MRSAlertHandler.m */ = {isa = PBXFileReference; fileEncoding = 4; lastKnownFileType = sourcecode.c.objc; path = MRSAlertHandler.m; sourceTree = "<group>"; };
		247BC2871B7F649A00853B37 /* AddPatientForm.m */ = {isa = PBXFileReference; fileEncoding = 4; lastKnownFileType = sourcecode.c.objc; path = AddPatientForm.m; sourceTree = "<group>"; };
		247BC2891B7F7BF100853B37 /* SettingsForm.h */ = {isa = PBXFileReference; fileEncoding = 4; lastKnownFileType = sourcecode.c.h; path = SettingsForm.h; sourceTree = "<group>"; };
		247BC28A1B7F7BF100853B37 /* SettingsForm.m */ = {isa = PBXFileReference; fileEncoding = 4; lastKnownFileType = sourcecode.c.objc; path = SettingsForm.m; sourceTree = "<group>"; };
		247BC28C1B7FC65600853B37 /* MBProgressExtension.h */ = {isa = PBXFileReference; fileEncoding = 4; lastKnownFileType = sourcecode.c.h; path = MBProgressExtension.h; sourceTree = "<group>"; };
		247BC28D1B7FC65600853B37 /* MBProgressExtension.m */ = {isa = PBXFileReference; fileEncoding = 4; lastKnownFileType = sourcecode.c.objc; path = MBProgressExtension.m; sourceTree = "<group>"; };
		247BC28F1B7FC79400853B37 /* 37x-Checkmark.png */ = {isa = PBXFileReference; lastKnownFileType = image.png; path = "37x-Checkmark.png"; sourceTree = "<group>"; };
		247BC2901B7FC79400853B37 /* 37x-Checkmark@2x.png */ = {isa = PBXFileReference; lastKnownFileType = image.png; path = "37x-Checkmark@2x.png"; sourceTree = "<group>"; };
		247BC2951B811B3600853B37 /* openmrs-logo.png */ = {isa = PBXFileReference; lastKnownFileType = image.png; path = "openmrs-logo.png"; sourceTree = "<group>"; };
		247BC2961B811B3600853B37 /* openmrs-logo@2x.png */ = {isa = PBXFileReference; lastKnownFileType = image.png; path = "openmrs-logo@2x.png"; sourceTree = "<group>"; };
		247BC2971B811B3600853B37 /* openmrs-logo@3x.png */ = {isa = PBXFileReference; lastKnownFileType = image.png; path = "openmrs-logo@3x.png"; sourceTree = "<group>"; };
		248A46141B7A64A400E9F098 /* form-icon.png */ = {isa = PBXFileReference; lastKnownFileType = image.png; path = "form-icon.png"; sourceTree = "<group>"; };
		248A46151B7A64A400E9F098 /* form-icon@2x.png */ = {isa = PBXFileReference; lastKnownFileType = image.png; path = "form-icon@2x.png"; sourceTree = "<group>"; };
		248A46161B7A64A400E9F098 /* form-icon@3x.png */ = {isa = PBXFileReference; lastKnownFileType = image.png; path = "form-icon@3x.png"; sourceTree = "<group>"; };
		2494E8E61B3CC1BC00ABFE53 /* IdentifierTypeCell.h */ = {isa = PBXFileReference; fileEncoding = 4; lastKnownFileType = sourcecode.c.h; path = IdentifierTypeCell.h; sourceTree = "<group>"; };
		2494E8E71B3CC1BC00ABFE53 /* IdentifierTypeCell.m */ = {isa = PBXFileReference; fileEncoding = 4; lastKnownFileType = sourcecode.c.objc; path = IdentifierTypeCell.m; sourceTree = "<group>"; };
		2494E8EA1B3CD37100ABFE53 /* de */ = {isa = PBXFileReference; lastKnownFileType = text.plist.strings; name = de; path = de.lproj/Localizable.strings; sourceTree = "<group>"; };
		2494E8ED1B3CDCF300ABFE53 /* launchImage.png */ = {isa = PBXFileReference; lastKnownFileType = image.png; path = launchImage.png; sourceTree = "<group>"; };
		24A8DEC41B18C18A00F5FF84 /* active_visits_icon@3x.png */ = {isa = PBXFileReference; lastKnownFileType = image.png; path = "active_visits_icon@3x.png"; sourceTree = "<group>"; };
		24A8DEC51B18C18A00F5FF84 /* active_visits_icon@2x.png */ = {isa = PBXFileReference; lastKnownFileType = image.png; path = "active_visits_icon@2x.png"; sourceTree = "<group>"; };
		24A8DEC61B18C18A00F5FF84 /* active_visits_icon.png */ = {isa = PBXFileReference; lastKnownFileType = image.png; path = active_visits_icon.png; sourceTree = "<group>"; };
		24A8DECA1B18F66E00F5FF84 /* ActiveVisitsList.h */ = {isa = PBXFileReference; fileEncoding = 4; lastKnownFileType = sourcecode.c.h; path = ActiveVisitsList.h; sourceTree = "<group>"; };
		24A8DECB1B18F66E00F5FF84 /* ActiveVisitsList.m */ = {isa = PBXFileReference; fileEncoding = 4; lastKnownFileType = sourcecode.c.objc; path = ActiveVisitsList.m; sourceTree = "<group>"; };
		24B974361B3473EF000DD2E7 /* Base */ = {isa = PBXFileReference; lastKnownFileType = text.plist.strings; name = Base; path = Base.lproj/Localizable.strings; sourceTree = "<group>"; };
		24B974381B34740E000DD2E7 /* en */ = {isa = PBXFileReference; lastKnownFileType = text.plist.strings; name = en; path = en.lproj/Localizable.strings; sourceTree = "<group>"; };
		24C1E0DE1B793953003A13A9 /* play_button_active.png */ = {isa = PBXFileReference; lastKnownFileType = image.png; path = play_button_active.png; sourceTree = "<group>"; };
		24C1E0DF1B793953003A13A9 /* play_button_disabled.png */ = {isa = PBXFileReference; lastKnownFileType = image.png; path = play_button_disabled.png; sourceTree = "<group>"; };
		24C1E0E21B793AF2003A13A9 /* record_plain.png */ = {isa = PBXFileReference; lastKnownFileType = image.png; path = record_plain.png; sourceTree = "<group>"; };
		24D1274F1B0DF6140018AA1D /* MRSDateUtilities.h */ = {isa = PBXFileReference; fileEncoding = 4; lastKnownFileType = sourcecode.c.h; path = MRSDateUtilities.h; sourceTree = "<group>"; };
		24D127501B0DF6140018AA1D /* MRSDateUtilities.m */ = {isa = PBXFileReference; fileEncoding = 4; lastKnownFileType = sourcecode.c.objc; path = MRSDateUtilities.m; sourceTree = "<group>"; };
		24D5CEC91B4B4DB500F1D660 /* settings_icon.png */ = {isa = PBXFileReference; lastKnownFileType = image.png; path = settings_icon.png; sourceTree = "<group>"; };
		24D5CECA1B4B4DB500F1D660 /* settings_icon@2x.png */ = {isa = PBXFileReference; lastKnownFileType = image.png; path = "settings_icon@2x.png"; sourceTree = "<group>"; };
		24D5CECB1B4B4DB500F1D660 /* settings_icon@3x.png */ = {isa = PBXFileReference; lastKnownFileType = image.png; path = "settings_icon@3x.png"; sourceTree = "<group>"; };
		24DAC0D51B397F680089AD12 /* MRSVisitCell.h */ = {isa = PBXFileReference; fileEncoding = 4; lastKnownFileType = sourcecode.c.h; path = MRSVisitCell.h; sourceTree = "<group>"; };
		24DAC0D61B397F680089AD12 /* MRSVisitCell.m */ = {isa = PBXFileReference; fileEncoding = 4; lastKnownFileType = sourcecode.c.objc; path = MRSVisitCell.m; sourceTree = "<group>"; };
		87CFC2F5FC6F1445E8327AF6 /* libPods.a */ = {isa = PBXFileReference; explicitFileType = archive.ar; includeInIndex = 0; path = libPods.a; sourceTree = BUILT_PRODUCTS_DIR; };
		AFA25E06F401CA7D732F7C67 /* Pods.debug.xcconfig */ = {isa = PBXFileReference; includeInIndex = 1; lastKnownFileType = text.xcconfig; name = Pods.debug.xcconfig; path = "Pods/Target Support Files/Pods/Pods.debug.xcconfig"; sourceTree = "<group>"; };
		D21FB0B4A47906E6EF7F24EA /* Pods.release.xcconfig */ = {isa = PBXFileReference; includeInIndex = 1; lastKnownFileType = text.xcconfig; name = Pods.release.xcconfig; path = "Pods/Target Support Files/Pods/Pods.release.xcconfig"; sourceTree = "<group>"; };
		D3079E721A3D4DED00E308C7 /* add_patient_icon@2x.png */ = {isa = PBXFileReference; lastKnownFileType = image.png; path = "add_patient_icon@2x.png"; sourceTree = "<group>"; };
		D3079E731A3D4DED00E308C7 /* add_patient_icon.png */ = {isa = PBXFileReference; lastKnownFileType = image.png; path = add_patient_icon.png; sourceTree = "<group>"; };
		D3079E741A3D4DED00E308C7 /* add_patient_icon@3x.png */ = {isa = PBXFileReference; lastKnownFileType = image.png; path = "add_patient_icon@3x.png"; sourceTree = "<group>"; };
		D317E7F41A4C6BD300E05212 /* OrderedDictionary.m */ = {isa = PBXFileReference; fileEncoding = 4; lastKnownFileType = sourcecode.c.objc; path = OrderedDictionary.m; sourceTree = "<group>"; };
		D317E7F51A4C6BD300E05212 /* OrderedDictionary.h */ = {isa = PBXFileReference; fileEncoding = 4; lastKnownFileType = sourcecode.c.h; path = OrderedDictionary.h; sourceTree = "<group>"; };
		D34BF5371A3BA7BE009205C9 /* AddVisitNoteTableViewController.h */ = {isa = PBXFileReference; fileEncoding = 4; lastKnownFileType = sourcecode.c.h; path = AddVisitNoteTableViewController.h; sourceTree = "<group>"; };
		D34BF5381A3BA7BE009205C9 /* AddVisitNoteTableViewController.m */ = {isa = PBXFileReference; fileEncoding = 4; lastKnownFileType = sourcecode.c.objc; path = AddVisitNoteTableViewController.m; sourceTree = "<group>"; };
		D3540AA41CC69A9900610C26 /* PatientPeekNavigationController.swift */ = {isa = PBXFileReference; fileEncoding = 4; lastKnownFileType = sourcecode.swift; path = PatientPeekNavigationController.swift; sourceTree = "<group>"; };
		D3540AA61CC6F17100610C26 /* MapViewController.swift */ = {isa = PBXFileReference; fileEncoding = 4; lastKnownFileType = sourcecode.swift; path = MapViewController.swift; sourceTree = "<group>"; };
		D3540AA81CC6F3E200610C26 /* CoreLocation.framework */ = {isa = PBXFileReference; lastKnownFileType = wrapper.framework; name = CoreLocation.framework; path = System/Library/Frameworks/CoreLocation.framework; sourceTree = SDKROOT; };
		D3540AAA1CC6F7E400610C26 /* MapKit.framework */ = {isa = PBXFileReference; lastKnownFileType = wrapper.framework; name = MapKit.framework; path = System/Library/Frameworks/MapKit.framework; sourceTree = SDKROOT; };
		D3540AAC1CC6F8D400610C26 /* PatientAddressAnnotation.swift */ = {isa = PBXFileReference; fileEncoding = 4; lastKnownFileType = sourcecode.swift; path = PatientAddressAnnotation.swift; sourceTree = "<group>"; };
		D37674251A3BB114003A8005 /* MRSLocation.h */ = {isa = PBXFileReference; fileEncoding = 4; lastKnownFileType = sourcecode.c.h; path = MRSLocation.h; sourceTree = "<group>"; };
		D37674261A3BB114003A8005 /* MRSLocation.m */ = {isa = PBXFileReference; fileEncoding = 4; lastKnownFileType = sourcecode.c.objc; path = MRSLocation.m; sourceTree = "<group>"; };
		D37674281A3BB254003A8005 /* LocationListTableViewController.h */ = {isa = PBXFileReference; fileEncoding = 4; lastKnownFileType = sourcecode.c.h; path = LocationListTableViewController.h; sourceTree = "<group>"; };
		D37674291A3BB254003A8005 /* LocationListTableViewController.m */ = {isa = PBXFileReference; fileEncoding = 4; lastKnownFileType = sourcecode.c.objc; path = LocationListTableViewController.m; sourceTree = "<group>"; };
		D38DB4F31A316FAA00E2CF23 /* EncounterViewController.h */ = {isa = PBXFileReference; fileEncoding = 4; lastKnownFileType = sourcecode.c.h; path = EncounterViewController.h; sourceTree = "<group>"; };
		D38DB4F41A316FAA00E2CF23 /* EncounterViewController.m */ = {isa = PBXFileReference; fileEncoding = 4; lastKnownFileType = sourcecode.c.objc; path = EncounterViewController.m; sourceTree = "<group>"; };
		D38DB4F61A320EF700E2CF23 /* MRSEncounterOb.h */ = {isa = PBXFileReference; fileEncoding = 4; lastKnownFileType = sourcecode.c.h; path = MRSEncounterOb.h; sourceTree = "<group>"; };
		D38DB4F71A320EF700E2CF23 /* MRSEncounterOb.m */ = {isa = PBXFileReference; fileEncoding = 4; lastKnownFileType = sourcecode.c.objc; path = MRSEncounterOb.m; sourceTree = "<group>"; };
		D38DB4F91A3216A300E2CF23 /* SelectEncounterTypeView.h */ = {isa = PBXFileReference; fileEncoding = 4; lastKnownFileType = sourcecode.c.h; path = SelectEncounterTypeView.h; sourceTree = "<group>"; };
		D38DB4FA1A3216A300E2CF23 /* SelectEncounterTypeView.m */ = {isa = PBXFileReference; fileEncoding = 4; lastKnownFileType = sourcecode.c.objc; path = SelectEncounterTypeView.m; sourceTree = "<group>"; };
		D38DB4FC1A3216CF00E2CF23 /* MRSEncounterType.h */ = {isa = PBXFileReference; fileEncoding = 4; lastKnownFileType = sourcecode.c.h; path = MRSEncounterType.h; sourceTree = "<group>"; };
		D38DB4FD1A3216CF00E2CF23 /* MRSEncounterType.m */ = {isa = PBXFileReference; fileEncoding = 4; lastKnownFileType = sourcecode.c.objc; path = MRSEncounterType.m; sourceTree = "<group>"; };
		D396A5121A2E09DE00DE6448 /* PatientViewController.h */ = {isa = PBXFileReference; fileEncoding = 4; lastKnownFileType = sourcecode.c.h; path = PatientViewController.h; sourceTree = "<group>"; };
		D396A5131A2E09DE00DE6448 /* PatientViewController.m */ = {isa = PBXFileReference; fileEncoding = 4; lastKnownFileType = sourcecode.c.objc; path = PatientViewController.m; sourceTree = "<group>"; };
		D396A5141A2E09DE00DE6448 /* AppDelegate.h */ = {isa = PBXFileReference; fileEncoding = 4; lastKnownFileType = sourcecode.c.h; path = AppDelegate.h; sourceTree = "<group>"; };
		D396A5151A2E09DE00DE6448 /* AppDelegate.m */ = {isa = PBXFileReference; fileEncoding = 4; lastKnownFileType = sourcecode.c.objc; path = AppDelegate.m; sourceTree = "<group>"; };
		D396A5161A2E09DE00DE6448 /* SignInViewController.h */ = {isa = PBXFileReference; fileEncoding = 4; lastKnownFileType = sourcecode.c.h; path = SignInViewController.h; sourceTree = "<group>"; };
		D396A5171A2E09DE00DE6448 /* SignInViewController.m */ = {isa = PBXFileReference; fileEncoding = 4; lastKnownFileType = sourcecode.c.objc; path = SignInViewController.m; sourceTree = "<group>"; };
		D396A5181A2E09DE00DE6448 /* OpenMRSAPIManager.h */ = {isa = PBXFileReference; fileEncoding = 4; lastKnownFileType = sourcecode.c.h; path = OpenMRSAPIManager.h; sourceTree = "<group>"; };
		D396A5191A2E09DE00DE6448 /* OpenMRSAPIManager.m */ = {isa = PBXFileReference; fileEncoding = 4; lastKnownFileType = sourcecode.c.objc; lineEnding = 0; path = OpenMRSAPIManager.m; sourceTree = "<group>"; xcLanguageSpecificationIdentifier = xcode.lang.objc; };
		D396A51A1A2E09DE00DE6448 /* KeychainItemWrapper.h */ = {isa = PBXFileReference; fileEncoding = 4; lastKnownFileType = sourcecode.c.h; path = KeychainItemWrapper.h; sourceTree = "<group>"; };
		D396A51B1A2E09DE00DE6448 /* KeychainItemWrapper.m */ = {isa = PBXFileReference; fileEncoding = 4; lastKnownFileType = sourcecode.c.objc; path = KeychainItemWrapper.m; sourceTree = "<group>"; };
		D396A51E1A2E09DE00DE6448 /* PatientSearchViewController.h */ = {isa = PBXFileReference; fileEncoding = 4; lastKnownFileType = sourcecode.c.h; path = PatientSearchViewController.h; sourceTree = "<group>"; };
		D396A51F1A2E09DE00DE6448 /* PatientSearchViewController.m */ = {isa = PBXFileReference; fileEncoding = 4; lastKnownFileType = sourcecode.c.objc; path = PatientSearchViewController.m; sourceTree = "<group>"; };
		D396A5201A2E09DE00DE6448 /* MRSPatient.h */ = {isa = PBXFileReference; fileEncoding = 4; lastKnownFileType = sourcecode.c.h; path = MRSPatient.h; sourceTree = "<group>"; };
		D396A5211A2E09DE00DE6448 /* MRSPatient.m */ = {isa = PBXFileReference; fileEncoding = 4; lastKnownFileType = sourcecode.c.objc; path = MRSPatient.m; sourceTree = "<group>"; };
		D396A5221A2E09DE00DE6448 /* CredentialsLayer.h */ = {isa = PBXFileReference; fileEncoding = 4; lastKnownFileType = sourcecode.c.h; path = CredentialsLayer.h; sourceTree = "<group>"; };
		D396A5231A2E09DE00DE6448 /* CredentialsLayer.m */ = {isa = PBXFileReference; fileEncoding = 4; lastKnownFileType = sourcecode.c.objc; path = CredentialsLayer.m; sourceTree = "<group>"; };
		D396A5451A2E396300DE6448 /* MRSVisit.h */ = {isa = PBXFileReference; fileEncoding = 4; lastKnownFileType = sourcecode.c.h; path = MRSVisit.h; sourceTree = "<group>"; };
		D396A5461A2E396300DE6448 /* MRSVisit.m */ = {isa = PBXFileReference; fileEncoding = 4; lastKnownFileType = sourcecode.c.objc; path = MRSVisit.m; sourceTree = "<group>"; };
		D396A5481A2E3CBC00DE6448 /* MRSEncounter.h */ = {isa = PBXFileReference; fileEncoding = 4; lastKnownFileType = sourcecode.c.h; path = MRSEncounter.h; sourceTree = "<group>"; };
		D396A5491A2E3CBC00DE6448 /* MRSEncounter.m */ = {isa = PBXFileReference; fileEncoding = 4; lastKnownFileType = sourcecode.c.objc; path = MRSEncounter.m; sourceTree = "<group>"; };
		D396A54B1A2E3E5600DE6448 /* PatientEncounterListView.h */ = {isa = PBXFileReference; fileEncoding = 4; lastKnownFileType = sourcecode.c.h; path = PatientEncounterListView.h; sourceTree = "<group>"; };
		D396A54C1A2E3E5600DE6448 /* PatientEncounterListView.m */ = {isa = PBXFileReference; fileEncoding = 4; lastKnownFileType = sourcecode.c.objc; path = PatientEncounterListView.m; sourceTree = "<group>"; };
		D396A54E1A2E3F7600DE6448 /* PatientVisitListView.h */ = {isa = PBXFileReference; fileEncoding = 4; lastKnownFileType = sourcecode.c.h; path = PatientVisitListView.h; sourceTree = "<group>"; };
		D396A54F1A2E3F7600DE6448 /* PatientVisitListView.m */ = {isa = PBXFileReference; fileEncoding = 4; lastKnownFileType = sourcecode.c.objc; path = PatientVisitListView.m; sourceTree = "<group>"; };
		D396EAEF1A363E4000191F50 /* MainMenuCollectionViewController.h */ = {isa = PBXFileReference; fileEncoding = 4; lastKnownFileType = sourcecode.c.h; path = MainMenuCollectionViewController.h; sourceTree = "<group>"; };
		D396EAF01A363E4000191F50 /* MainMenuCollectionViewController.m */ = {isa = PBXFileReference; fileEncoding = 4; lastKnownFileType = sourcecode.c.objc; path = MainMenuCollectionViewController.m; sourceTree = "<group>"; };
		D396EAF21A36460500191F50 /* search_icon.png */ = {isa = PBXFileReference; lastKnownFileType = image.png; path = search_icon.png; sourceTree = "<group>"; };
		D396EAF31A36460500191F50 /* search_icon@2x.png */ = {isa = PBXFileReference; lastKnownFileType = image.png; path = "search_icon@2x.png"; sourceTree = "<group>"; };
		D396EAF41A36460500191F50 /* search_icon@3x.png */ = {isa = PBXFileReference; lastKnownFileType = image.png; path = "search_icon@3x.png"; sourceTree = "<group>"; };
		D397396B1A2E082200D0AB69 /* OpenMRS-iOS.app */ = {isa = PBXFileReference; explicitFileType = wrapper.application; includeInIndex = 0; path = "OpenMRS-iOS.app"; sourceTree = BUILT_PRODUCTS_DIR; };
		D397396F1A2E082300D0AB69 /* Info.plist */ = {isa = PBXFileReference; lastKnownFileType = text.plist.xml; path = Info.plist; sourceTree = "<group>"; };
		D39739701A2E082300D0AB69 /* main.m */ = {isa = PBXFileReference; lastKnownFileType = sourcecode.c.objc; path = main.m; sourceTree = "<group>"; };
		D39739841A2E082300D0AB69 /* OpenMRS-iOSTests.xctest */ = {isa = PBXFileReference; explicitFileType = wrapper.cfbundle; includeInIndex = 0; path = "OpenMRS-iOSTests.xctest"; sourceTree = BUILT_PRODUCTS_DIR; };
		D39739891A2E082300D0AB69 /* Info.plist */ = {isa = PBXFileReference; lastKnownFileType = text.plist.xml; path = Info.plist; sourceTree = "<group>"; };
		D397398A1A2E082300D0AB69 /* OpenMRS_iOSTests.m */ = {isa = PBXFileReference; lastKnownFileType = sourcecode.c.objc; path = OpenMRS_iOSTests.m; sourceTree = "<group>"; };
		D39AD7A91A3BFE8600C01540 /* CaptureVitalsTableViewController.h */ = {isa = PBXFileReference; fileEncoding = 4; lastKnownFileType = sourcecode.c.h; path = CaptureVitalsTableViewController.h; sourceTree = "<group>"; };
		D39AD7AA1A3BFE8600C01540 /* CaptureVitalsTableViewController.m */ = {isa = PBXFileReference; fileEncoding = 4; lastKnownFileType = sourcecode.c.objc; path = CaptureVitalsTableViewController.m; sourceTree = "<group>"; };
		D39AD7AC1A3C081000C01540 /* MRSVital.h */ = {isa = PBXFileReference; fileEncoding = 4; lastKnownFileType = sourcecode.c.h; path = MRSVital.h; sourceTree = "<group>"; };
		D39AD7AD1A3C081000C01540 /* MRSVital.m */ = {isa = PBXFileReference; fileEncoding = 4; lastKnownFileType = sourcecode.c.objc; path = MRSVital.m; sourceTree = "<group>"; };
		D3A472891A3770B4002A0BBD /* AddPatientTableViewController.h */ = {isa = PBXFileReference; fileEncoding = 4; lastKnownFileType = sourcecode.c.h; path = AddPatientTableViewController.h; sourceTree = "<group>"; };
		D3A4728A1A3770B4002A0BBD /* AddPatientTableViewController.m */ = {isa = PBXFileReference; fileEncoding = 4; lastKnownFileType = sourcecode.c.objc; path = AddPatientTableViewController.m; sourceTree = "<group>"; };
		D3A4728C1A37794D002A0BBD /* MRSPerson.h */ = {isa = PBXFileReference; fileEncoding = 4; lastKnownFileType = sourcecode.c.h; path = MRSPerson.h; sourceTree = "<group>"; };
		D3A4728D1A37794D002A0BBD /* MRSPerson.m */ = {isa = PBXFileReference; fileEncoding = 4; lastKnownFileType = sourcecode.c.objc; path = MRSPerson.m; sourceTree = "<group>"; };
		D3A57DB91B2E5BF800F25F30 /* active_visits_tab_bar_icon.png */ = {isa = PBXFileReference; lastKnownFileType = image.png; path = active_visits_tab_bar_icon.png; sourceTree = "<group>"; };
		D3A57DBA1B2E5BF800F25F30 /* active_visits_tab_bar_icon@2x.png */ = {isa = PBXFileReference; lastKnownFileType = image.png; path = "active_visits_tab_bar_icon@2x.png"; sourceTree = "<group>"; };
		D3A57DBB1B2E5BF800F25F30 /* active_visits_tab_bar_icon@3x.png */ = {isa = PBXFileReference; lastKnownFileType = image.png; path = "active_visits_tab_bar_icon@3x.png"; sourceTree = "<group>"; };
		D3A869501A32B3D400D1963F /* CoreData.framework */ = {isa = PBXFileReference; lastKnownFileType = wrapper.framework; name = CoreData.framework; path = System/Library/Frameworks/CoreData.framework; sourceTree = SDKROOT; };
		D3B241801BD8231400E09F36 /* openmrs-offline 2.xcdatamodel */ = {isa = PBXFileReference; lastKnownFileType = wrapper.xcdatamodel; path = "openmrs-offline 2.xcdatamodel"; sourceTree = "<group>"; };
		D3B241811BD8231400E09F36 /* openmrs-offline.xcdatamodel */ = {isa = PBXFileReference; lastKnownFileType = wrapper.xcdatamodel; path = "openmrs-offline.xcdatamodel"; sourceTree = "<group>"; };
		D3DCBBF61A71F4930024D088 /* OpenMRS-iOS-Bridging-Header.h */ = {isa = PBXFileReference; lastKnownFileType = sourcecode.c.h; path = "OpenMRS-iOS-Bridging-Header.h"; sourceTree = "<group>"; };
		D3DCBBF71A71F4940024D088 /* StartVisitViewController.swift */ = {isa = PBXFileReference; fileEncoding = 4; lastKnownFileType = sourcecode.swift; path = StartVisitViewController.swift; sourceTree = "<group>"; };
		D3E47BA11A3A00C0004B3F95 /* MRSPatientIdentifierType.h */ = {isa = PBXFileReference; fileEncoding = 4; lastKnownFileType = sourcecode.c.h; path = MRSPatientIdentifierType.h; sourceTree = "<group>"; };
		D3E47BA21A3A00C0004B3F95 /* MRSPatientIdentifierType.m */ = {isa = PBXFileReference; fileEncoding = 4; lastKnownFileType = sourcecode.c.objc; path = MRSPatientIdentifierType.m; sourceTree = "<group>"; };
		D3E47BA41A3A0213004B3F95 /* SelectPatientIdentifierTypeTableViewController.h */ = {isa = PBXFileReference; fileEncoding = 4; lastKnownFileType = sourcecode.c.h; path = SelectPatientIdentifierTypeTableViewController.h; sourceTree = "<group>"; };
		D3E47BA51A3A0213004B3F95 /* SelectPatientIdentifierTypeTableViewController.m */ = {isa = PBXFileReference; fileEncoding = 4; lastKnownFileType = sourcecode.c.objc; path = SelectPatientIdentifierTypeTableViewController.m; sourceTree = "<group>"; };
		D3E47BA71A3A08EF004B3F95 /* MRSPatientIdentifier.h */ = {isa = PBXFileReference; fileEncoding = 4; lastKnownFileType = sourcecode.c.h; path = MRSPatientIdentifier.h; sourceTree = "<group>"; };
		D3E47BA81A3A08EF004B3F95 /* MRSPatientIdentifier.m */ = {isa = PBXFileReference; fileEncoding = 4; lastKnownFileType = sourcecode.c.objc; path = MRSPatientIdentifier.m; sourceTree = "<group>"; };
		D3F61E0F1CC7EB54002F8260 /* Launch Screen.storyboard */ = {isa = PBXFileReference; fileEncoding = 4; lastKnownFileType = file.storyboard; name = "Launch Screen.storyboard"; path = "../Launch Screen.storyboard"; sourceTree = "<group>"; };
		D3F797B91A71F690008E6064 /* SelectVisitTypeView.swift */ = {isa = PBXFileReference; fileEncoding = 4; lastKnownFileType = sourcecode.swift; path = SelectVisitTypeView.swift; sourceTree = "<group>"; };
		D3F797BB1A71F72B008E6064 /* MRSVisitType.swift */ = {isa = PBXFileReference; fileEncoding = 4; lastKnownFileType = sourcecode.swift; path = MRSVisitType.swift; sourceTree = "<group>"; };
		D3FAEFFD1A51C1CD002B1BF7 /* Images.xcassets */ = {isa = PBXFileReference; lastKnownFileType = folder.assetcatalog; path = Images.xcassets; sourceTree = "<group>"; };
/* End PBXFileReference section */

/* Begin PBXFrameworksBuildPhase section */
		D39739681A2E082200D0AB69 /* Frameworks */ = {
			isa = PBXFrameworksBuildPhase;
			buildActionMask = 2147483647;
			files = (
				D3540AAB1CC6F7E400610C26 /* MapKit.framework in Frameworks */,
				D3540AA91CC6F3E200610C26 /* CoreLocation.framework in Frameworks */,
				2412409F1B627766009E172B /* AVFoundation.framework in Frameworks */,
				D3A869511A32B3D400D1963F /* CoreData.framework in Frameworks */,
				65BE2B3E2C5F8BE1FB7090C2 /* libPods.a in Frameworks */,
			);
			runOnlyForDeploymentPostprocessing = 0;
		};
		D39739811A2E082300D0AB69 /* Frameworks */ = {
			isa = PBXFrameworksBuildPhase;
			buildActionMask = 2147483647;
			files = (
			);
			runOnlyForDeploymentPostprocessing = 0;
		};
/* End PBXFrameworksBuildPhase section */

/* Begin PBXGroup section */
		240F4EE01B5BB20800E943FC /* XForms list */ = {
			isa = PBXGroup;
			children = (
				240F4EE11B5BB22900E943FC /* XFormsList.h */,
				240F4EE21B5BB22900E943FC /* XFormsList.m */,
			);
			name = "XForms list";
			sourceTree = "<group>";
		};
		240F4EE41B5BB30200E943FC /* XForms */ = {
			isa = PBXGroup;
			children = (
				240F4EE51B5BB31600E943FC /* XForms.h */,
				240F4EE61B5BB31600E943FC /* XForms.m */,
			);
			name = XForms;
			sourceTree = "<group>";
		};
		240F4EE81B5D3FFA00E943FC /* XForms Parser */ = {
			isa = PBXGroup;
			children = (
				240F4EE91B5D401000E943FC /* XFormsParser.h */,
				240F4EEA1B5D401000E943FC /* XFormsParser.m */,
			);
			name = "XForms Parser";
			sourceTree = "<group>";
		};
		240F4EEC1B5D414000E943FC /* XFormElement */ = {
			isa = PBXGroup;
			children = (
				240F4EED1B5D415100E943FC /* XFormElement.h */,
				240F4EEE1B5D415100E943FC /* XFormElement.m */,
			);
			name = XFormElement;
			sourceTree = "<group>";
		};
		240F4EF01B5D851300E943FC /* XForm View Controllers */ = {
			isa = PBXGroup;
			children = (
				246BAB2C1B77A94300979E50 /* XFormAudioCell */,
				2475ACA21B7761E70008094B /* XFormImageCell */,
				241240A01B62850F009E172B /* GPSChooserViewController */,
				2412409A1B626B4C009E172B /* SimpleAudioViewController */,
				240F4EE01B5BB20800E943FC /* XForms list */,
				240F4EF11B5D852700E943FC /* XFormViewController.h */,
				240F4EF21B5D852700E943FC /* XFormViewController.m */,
			);
			name = "XForm View Controllers";
			sourceTree = "<group>";
		};
		2412409A1B626B4C009E172B /* SimpleAudioViewController */ = {
			isa = PBXGroup;
			children = (
				2412409B1B626B63009E172B /* SimpleAudioViewController.h */,
				2412409C1B626B63009E172B /* SimpleAudioViewController.m */,
			);
			name = SimpleAudioViewController;
			sourceTree = "<group>";
		};
		241240A01B62850F009E172B /* GPSChooserViewController */ = {
			isa = PBXGroup;
			children = (
				241240A11B62854B009E172B /* MapViewController.h */,
				241240A21B62854B009E172B /* MapViewController.m */,
				241240A51B62854B009E172B /* MapViewController.xib */,
			);
			name = GPSChooserViewController;
			sourceTree = "<group>";
		};
		2436F2B21B49A01900294B4C /* Edit patient Form */ = {
			isa = PBXGroup;
			children = (
				2436F2AF1B49A01000294B4C /* EditPatientForm.h */,
				2436F2B01B49A01000294B4C /* EditPatientForm.m */,
			);
			name = "Edit patient Form";
			sourceTree = "<group>";
		};
		243786451B46B82700AB5089 /* Add patient */ = {
			isa = PBXGroup;
			children = (
				D3A472891A3770B4002A0BBD /* AddPatientTableViewController.h */,
				D3A4728A1A3770B4002A0BBD /* AddPatientTableViewController.m */,
				D3E47BA41A3A0213004B3F95 /* SelectPatientIdentifierTypeTableViewController.h */,
				D3E47BA51A3A0213004B3F95 /* SelectPatientIdentifierTypeTableViewController.m */,
				243786411B46B81A00AB5089 /* AddPatientForm.h */,
				247BC2871B7F649A00853B37 /* AddPatientForm.m */,
			);
			name = "Add patient";
			sourceTree = "<group>";
		};
		246BAB2C1B77A94300979E50 /* XFormAudioCell */ = {
			isa = PBXGroup;
			children = (
				246BAB2D1B77A95700979E50 /* XFormAudioCell.h */,
				246BAB2E1B77A95700979E50 /* XFormAudioCell.m */,
			);
			name = XFormAudioCell;
			sourceTree = "<group>";
		};
		2475ACA21B7761E70008094B /* XFormImageCell */ = {
			isa = PBXGroup;
			children = (
				2475ACA31B7761FB0008094B /* XFormImageCell.h */,
				2475ACA41B7761FB0008094B /* XFormImageCell.m */,
			);
			name = XFormImageCell;
			sourceTree = "<group>";
		};
		247B74791B70B85300BD3D3A /* XFormsStore */ = {
			isa = PBXGroup;
			children = (
				247B747A1B70B86C00BD3D3A /* XFormsStore.h */,
				247B747B1B70B86C00BD3D3A /* XFormsStore.m */,
			);
			name = XFormsStore;
			sourceTree = "<group>";
		};
		248FBE301B03B9F400569C2C /* Patients */ = {
			isa = PBXGroup;
			children = (
				D396A5201A2E09DE00DE6448 /* MRSPatient.h */,
				D396A5211A2E09DE00DE6448 /* MRSPatient.m */,
				D396A5121A2E09DE00DE6448 /* PatientViewController.h */,
				D396A5131A2E09DE00DE6448 /* PatientViewController.m */,
				D3540AA61CC6F17100610C26 /* MapViewController.swift */,
				D3540AAC1CC6F8D400610C26 /* PatientAddressAnnotation.swift */,
				D3E47BA71A3A08EF004B3F95 /* MRSPatientIdentifier.h */,
				D3E47BA81A3A08EF004B3F95 /* MRSPatientIdentifier.m */,
				2436F2B21B49A01900294B4C /* Edit patient Form */,
				243786451B46B82700AB5089 /* Add patient */,
			);
			name = Patients;
			sourceTree = "<group>";
		};
		248FBE371B03BB0300569C2C /* Sign in */ = {
			isa = PBXGroup;
			children = (
				D396A5161A2E09DE00DE6448 /* SignInViewController.h */,
				D396A5171A2E09DE00DE6448 /* SignInViewController.m */,
			);
			name = "Sign in";
			sourceTree = "<group>";
		};
		248FBE3B1B03BB3600569C2C /* Services */ = {
			isa = PBXGroup;
			children = (
				D396A5141A2E09DE00DE6448 /* AppDelegate.h */,
				D396A5151A2E09DE00DE6448 /* AppDelegate.m */,
				243786471B47730900AB5089 /* SyncingEngine.h */,
				243786481B47730900AB5089 /* SyncingEngine.m */,
				D396A5221A2E09DE00DE6448 /* CredentialsLayer.h */,
				D396A5231A2E09DE00DE6448 /* CredentialsLayer.m */,
				D396A5181A2E09DE00DE6448 /* OpenMRSAPIManager.h */,
				D396A5191A2E09DE00DE6448 /* OpenMRSAPIManager.m */,
			);
			name = Services;
			sourceTree = "<group>";
		};
		248FBE3C1B03BB4E00569C2C /* Support */ = {
			isa = PBXGroup;
			children = (
				245E05401B7B89F00065FD45 /* Base64.h */,
				245E05411B7B89F00065FD45 /* Base64.m */,
				240F4EF01B5D851300E943FC /* XForm View Controllers */,
				240F4EE41B5BB30200E943FC /* XForms */,
				240F4EEC1B5D414000E943FC /* XFormElement */,
				247B74791B70B85300BD3D3A /* XFormsStore */,
				240F4EE81B5D3FFA00E943FC /* XForms Parser */,
				D396A51A1A2E09DE00DE6448 /* KeychainItemWrapper.h */,
				D396A51B1A2E09DE00DE6448 /* KeychainItemWrapper.m */,
				D317E7F51A4C6BD300E05212 /* OrderedDictionary.h */,
				D317E7F41A4C6BD300E05212 /* OrderedDictionary.m */,
				24D1274F1B0DF6140018AA1D /* MRSDateUtilities.h */,
				24D127501B0DF6140018AA1D /* MRSDateUtilities.m */,
				2432066F1B30436700B54970 /* MRSHelperFunctions.h */,
				243206701B30436700B54970 /* MRSHelperFunctions.m */,
				2436F2B31B49D56C00294B4C /* Constants.h */,
				2436F2B41B49D56C00294B4C /* Constants.m */,
				247BC2841B7F5DAA00853B37 /* MRSAlertHandler.h */,
				247BC2851B7F5DAA00853B37 /* MRSAlertHandler.m */,
				247BC28C1B7FC65600853B37 /* MBProgressExtension.h */,
				247BC28D1B7FC65600853B37 /* MBProgressExtension.m */,
			);
			name = Support;
			sourceTree = "<group>";
		};
		248FBE3D1B03BB6400569C2C /* Patient Identifier Types */ = {
			isa = PBXGroup;
			children = (
				2494E8E61B3CC1BC00ABFE53 /* IdentifierTypeCell.h */,
				2494E8E71B3CC1BC00ABFE53 /* IdentifierTypeCell.m */,
				D3E47BA11A3A00C0004B3F95 /* MRSPatientIdentifierType.h */,
				D3E47BA21A3A00C0004B3F95 /* MRSPatientIdentifierType.m */,
			);
			name = "Patient Identifier Types";
			sourceTree = "<group>";
		};
		248FBE3E1B03BB7400569C2C /* Person */ = {
			isa = PBXGroup;
			children = (
				D3A4728C1A37794D002A0BBD /* MRSPerson.h */,
				D3A4728D1A37794D002A0BBD /* MRSPerson.m */,
			);
			name = Person;
			sourceTree = "<group>";
		};
		248FBE3F1B03BB8400569C2C /* Vitals */ = {
			isa = PBXGroup;
			children = (
				D39AD7A91A3BFE8600C01540 /* CaptureVitalsTableViewController.h */,
				D39AD7AA1A3BFE8600C01540 /* CaptureVitalsTableViewController.m */,
				D39AD7AC1A3C081000C01540 /* MRSVital.h */,
				D39AD7AD1A3C081000C01540 /* MRSVital.m */,
			);
			name = Vitals;
			sourceTree = "<group>";
		};
		248FBE411B03BB9D00569C2C /* Locations */ = {
			isa = PBXGroup;
			children = (
				D37674281A3BB254003A8005 /* LocationListTableViewController.h */,
				D37674291A3BB254003A8005 /* LocationListTableViewController.m */,
				D37674251A3BB114003A8005 /* MRSLocation.h */,
				D37674261A3BB114003A8005 /* MRSLocation.m */,
			);
			name = Locations;
			sourceTree = "<group>";
		};
		248FBE451B03BBDB00569C2C /* Encounters */ = {
			isa = PBXGroup;
			children = (
				D38DB4F91A3216A300E2CF23 /* SelectEncounterTypeView.h */,
				D38DB4FA1A3216A300E2CF23 /* SelectEncounterTypeView.m */,
				D38DB4FC1A3216CF00E2CF23 /* MRSEncounterType.h */,
				D38DB4FD1A3216CF00E2CF23 /* MRSEncounterType.m */,
				D38DB4F31A316FAA00E2CF23 /* EncounterViewController.h */,
				D38DB4F41A316FAA00E2CF23 /* EncounterViewController.m */,
				D396A5481A2E3CBC00DE6448 /* MRSEncounter.h */,
				D396A5491A2E3CBC00DE6448 /* MRSEncounter.m */,
				D38DB4F61A320EF700E2CF23 /* MRSEncounterOb.h */,
				D38DB4F71A320EF700E2CF23 /* MRSEncounterOb.m */,
				D396A54B1A2E3E5600DE6448 /* PatientEncounterListView.h */,
				D396A54C1A2E3E5600DE6448 /* PatientEncounterListView.m */,
			);
			name = Encounters;
			sourceTree = "<group>";
		};
		248FBE4A1B03BC5700569C2C /* Main menu */ = {
			isa = PBXGroup;
			children = (
				D396EAEF1A363E4000191F50 /* MainMenuCollectionViewController.h */,
				D396EAF01A363E4000191F50 /* MainMenuCollectionViewController.m */,
			);
			name = "Main menu";
			sourceTree = "<group>";
		};
		248FBE4B1B03BC6400569C2C /* Settings */ = {
			isa = PBXGroup;
			children = (
				247BC2891B7F7BF100853B37 /* SettingsForm.h */,
				247BC28A1B7F7BF100853B37 /* SettingsForm.m */,
			);
			name = Settings;
			sourceTree = "<group>";
		};
		248FBE4C1B03BC7100569C2C /* Patient Search */ = {
			isa = PBXGroup;
			children = (
				D396A51E1A2E09DE00DE6448 /* PatientSearchViewController.h */,
				D396A51F1A2E09DE00DE6448 /* PatientSearchViewController.m */,
				D3540AA41CC69A9900610C26 /* PatientPeekNavigationController.swift */,
			);
			name = "Patient Search";
			sourceTree = "<group>";
		};
		248FBE4E1B03BC9100569C2C /* Visits */ = {
			isa = PBXGroup;
			children = (
				D396A54E1A2E3F7600DE6448 /* PatientVisitListView.h */,
				D396A54F1A2E3F7600DE6448 /* PatientVisitListView.m */,
				D3DCBBF71A71F4940024D088 /* StartVisitViewController.swift */,
				D3F797BB1A71F72B008E6064 /* MRSVisitType.swift */,
				D3F797B91A71F690008E6064 /* SelectVisitTypeView.swift */,
				D396A5451A2E396300DE6448 /* MRSVisit.h */,
				D396A5461A2E396300DE6448 /* MRSVisit.m */,
				24DAC0D51B397F680089AD12 /* MRSVisitCell.h */,
				24DAC0D61B397F680089AD12 /* MRSVisitCell.m */,
				24A8DECA1B18F66E00F5FF84 /* ActiveVisitsList.h */,
				24A8DECB1B18F66E00F5FF84 /* ActiveVisitsList.m */,
				D34BF5371A3BA7BE009205C9 /* AddVisitNoteTableViewController.h */,
				D34BF5381A3BA7BE009205C9 /* AddVisitNoteTableViewController.m */,
			);
			name = Visits;
			sourceTree = "<group>";
		};
		7E3ED26108E7D20D7E5E58E4 /* Frameworks */ = {
			isa = PBXGroup;
			children = (
				D3540AAA1CC6F7E400610C26 /* MapKit.framework */,
				D3540AA81CC6F3E200610C26 /* CoreLocation.framework */,
				2412409E1B627766009E172B /* AVFoundation.framework */,
				D3A869501A32B3D400D1963F /* CoreData.framework */,
				87CFC2F5FC6F1445E8327AF6 /* libPods.a */,
			);
			name = Frameworks;
			sourceTree = "<group>";
		};
		D32CB9D11BD08A3700147A76 /* Code */ = {
			isa = PBXGroup;
			children = (
				248FBE3E1B03BB7400569C2C /* Person */,
				248FBE451B03BBDB00569C2C /* Encounters */,
				248FBE3D1B03BB6400569C2C /* Patient Identifier Types */,
				248FBE411B03BB9D00569C2C /* Locations */,
				248FBE4E1B03BC9100569C2C /* Visits */,
				248FBE3F1B03BB8400569C2C /* Vitals */,
				248FBE4C1B03BC7100569C2C /* Patient Search */,
				248FBE301B03B9F400569C2C /* Patients */,
				248FBE371B03BB0300569C2C /* Sign in */,
				248FBE4A1B03BC5700569C2C /* Main menu */,
				248FBE4B1B03BC6400569C2C /* Settings */,
			);
			name = Code;
			sourceTree = "<group>";
		};
		D39739621A2E082200D0AB69 = {
			isa = PBXGroup;
			children = (
				D397396D1A2E082200D0AB69 /* OpenMRS-iOS */,
				D39739871A2E082300D0AB69 /* OpenMRS-iOSTests */,
				D397396C1A2E082200D0AB69 /* Products */,
				E54315529FE081E009C0AF4D /* Pods */,
				7E3ED26108E7D20D7E5E58E4 /* Frameworks */,
			);
			sourceTree = "<group>";
		};
		D397396C1A2E082200D0AB69 /* Products */ = {
			isa = PBXGroup;
			children = (
				D397396B1A2E082200D0AB69 /* OpenMRS-iOS.app */,
				D39739841A2E082300D0AB69 /* OpenMRS-iOSTests.xctest */,
			);
			name = Products;
			sourceTree = "<group>";
		};
		D397396D1A2E082200D0AB69 /* OpenMRS-iOS */ = {
			isa = PBXGroup;
			children = (
				248FBE3C1B03BB4E00569C2C /* Support */,
				248FBE3B1B03BB3600569C2C /* Services */,
				D32CB9D11BD08A3700147A76 /* Code */,
				D3FAEFFD1A51C1CD002B1BF7 /* Images.xcassets */,
				D397396E1A2E082200D0AB69 /* Supporting Files */,
				D3DCBBF61A71F4930024D088 /* OpenMRS-iOS-Bridging-Header.h */,
			);
			path = "OpenMRS-iOS";
			sourceTree = "<group>";
		};
		D397396E1A2E082200D0AB69 /* Supporting Files */ = {
			isa = PBXGroup;
			children = (
				D3F61E0F1CC7EB54002F8260 /* Launch Screen.storyboard */,
				D3B2417F1BD8231400E09F36 /* openmrs-offline.xcdatamodeld */,
				247BC28F1B7FC79400853B37 /* 37x-Checkmark.png */,
				247BC2901B7FC79400853B37 /* 37x-Checkmark@2x.png */,
				240BE39E1B7E2191008E60DE /* form-thumbnail@3x.png */,
				240BE39F1B7E2191008E60DE /* form-thumbnail@2x.png */,
				240BE3A01B7E2191008E60DE /* form-thumbnail.png */,
				248A46141B7A64A400E9F098 /* form-icon.png */,
				248A46151B7A64A400E9F098 /* form-icon@2x.png */,
				248A46161B7A64A400E9F098 /* form-icon@3x.png */,
				24C1E0E21B793AF2003A13A9 /* record_plain.png */,
				24C1E0DE1B793953003A13A9 /* play_button_active.png */,
				24C1E0DF1B793953003A13A9 /* play_button_disabled.png */,
				246BAB2A1B77969B00979E50 /* no-image.png */,
				2437140D1B77422500CB9687 /* swipe-icon.png */,
				24D5CEC91B4B4DB500F1D660 /* settings_icon.png */,
				24D5CECA1B4B4DB500F1D660 /* settings_icon@2x.png */,
				24D5CECB1B4B4DB500F1D660 /* settings_icon@3x.png */,
				2494E8ED1B3CDCF300ABFE53 /* launchImage.png */,
				24B974371B3473EF000DD2E7 /* Localizable.strings */,
				24A8DEC41B18C18A00F5FF84 /* active_visits_icon@3x.png */,
				24A8DEC51B18C18A00F5FF84 /* active_visits_icon@2x.png */,
				24A8DEC61B18C18A00F5FF84 /* active_visits_icon.png */,
				D3A57DB91B2E5BF800F25F30 /* active_visits_tab_bar_icon.png */,
				D3A57DBA1B2E5BF800F25F30 /* active_visits_tab_bar_icon@2x.png */,
				D3A57DBB1B2E5BF800F25F30 /* active_visits_tab_bar_icon@3x.png */,
				245EDDCF1B21A11800B8C0EB /* user_icon@3x.png */,
				245EDDD01B21A11800B8C0EB /* vitals_icon@3x.png */,
				245EDDCB1B21A10B00B8C0EB /* user_icon@2x.png */,
				245EDDCC1B21A10B00B8C0EB /* vitals_icon@2x.png */,
				245EDDC71B21A0F400B8C0EB /* user_icon.png */,
				245EDDC81B21A0F400B8C0EB /* vitals_icon.png */,
				D396EAF21A36460500191F50 /* search_icon.png */,
				D396EAF31A36460500191F50 /* search_icon@2x.png */,
				D396EAF41A36460500191F50 /* search_icon@3x.png */,
				D3079E721A3D4DED00E308C7 /* add_patient_icon@2x.png */,
				D3079E731A3D4DED00E308C7 /* add_patient_icon.png */,
				D3079E741A3D4DED00E308C7 /* add_patient_icon@3x.png */,
				247BC2951B811B3600853B37 /* openmrs-logo.png */,
				247BC2961B811B3600853B37 /* openmrs-logo@2x.png */,
				247BC2971B811B3600853B37 /* openmrs-logo@3x.png */,
				D397396F1A2E082300D0AB69 /* Info.plist */,
				D39739701A2E082300D0AB69 /* main.m */,
			);
			name = "Supporting Files";
			sourceTree = "<group>";
		};
		D39739871A2E082300D0AB69 /* OpenMRS-iOSTests */ = {
			isa = PBXGroup;
			children = (
				D397398A1A2E082300D0AB69 /* OpenMRS_iOSTests.m */,
				D39739881A2E082300D0AB69 /* Supporting Files */,
			);
			path = "OpenMRS-iOSTests";
			sourceTree = "<group>";
		};
		D39739881A2E082300D0AB69 /* Supporting Files */ = {
			isa = PBXGroup;
			children = (
				D39739891A2E082300D0AB69 /* Info.plist */,
			);
			name = "Supporting Files";
			sourceTree = "<group>";
		};
		E54315529FE081E009C0AF4D /* Pods */ = {
			isa = PBXGroup;
			children = (
				AFA25E06F401CA7D732F7C67 /* Pods.debug.xcconfig */,
				D21FB0B4A47906E6EF7F24EA /* Pods.release.xcconfig */,
			);
			name = Pods;
			sourceTree = "<group>";
		};
/* End PBXGroup section */

/* Begin PBXNativeTarget section */
		D397396A1A2E082200D0AB69 /* OpenMRS-iOS */ = {
			isa = PBXNativeTarget;
			buildConfigurationList = D397398E1A2E082300D0AB69 /* Build configuration list for PBXNativeTarget "OpenMRS-iOS" */;
			buildPhases = (
				F7E9A591F9F917167E372116 /* Check Pods Manifest.lock */,
				D39739671A2E082200D0AB69 /* Sources */,
				D39739681A2E082200D0AB69 /* Frameworks */,
				D39739691A2E082200D0AB69 /* Resources */,
				4B447D2D789118A659448643 /* Copy Pods Resources */,
				72EA3C75ED4BFCE100895A38 /* Embed Pods Frameworks */,
			);
			buildRules = (
			);
			dependencies = (
			);
			name = "OpenMRS-iOS";
			productName = "OpenMRS-iOS";
			productReference = D397396B1A2E082200D0AB69 /* OpenMRS-iOS.app */;
			productType = "com.apple.product-type.application";
		};
		D39739831A2E082300D0AB69 /* OpenMRS-iOSTests */ = {
			isa = PBXNativeTarget;
			buildConfigurationList = D39739911A2E082300D0AB69 /* Build configuration list for PBXNativeTarget "OpenMRS-iOSTests" */;
			buildPhases = (
				D39739801A2E082300D0AB69 /* Sources */,
				D39739811A2E082300D0AB69 /* Frameworks */,
				D39739821A2E082300D0AB69 /* Resources */,
			);
			buildRules = (
			);
			dependencies = (
				D39739861A2E082300D0AB69 /* PBXTargetDependency */,
			);
			name = "OpenMRS-iOSTests";
			productName = "OpenMRS-iOSTests";
			productReference = D39739841A2E082300D0AB69 /* OpenMRS-iOSTests.xctest */;
			productType = "com.apple.product-type.bundle.unit-test";
		};
/* End PBXNativeTarget section */

/* Begin PBXProject section */
		D39739631A2E082200D0AB69 /* Project object */ = {
			isa = PBXProject;
			attributes = {
				LastSwiftUpdateCheck = 0700;
				LastUpgradeCheck = 0730;
				ORGANIZATIONNAME = "Erway Software";
				TargetAttributes = {
					D397396A1A2E082200D0AB69 = {
						CreatedOnToolsVersion = 6.2;
						DevelopmentTeam = VRGDQ857JW;
					};
					D39739831A2E082300D0AB69 = {
						CreatedOnToolsVersion = 6.2;
						DevelopmentTeam = VRGDQ857JW;
						TestTargetID = D397396A1A2E082200D0AB69;
					};
				};
			};
			buildConfigurationList = D39739661A2E082200D0AB69 /* Build configuration list for PBXProject "OpenMRS-iOS" */;
			compatibilityVersion = "Xcode 3.2";
			developmentRegion = English;
			hasScannedForEncodings = 0;
			knownRegions = (
				en,
				Base,
				fr,
				de,
				ms,
				es,
				ca,
				pt,
			);
			mainGroup = D39739621A2E082200D0AB69;
			productRefGroup = D397396C1A2E082200D0AB69 /* Products */;
			projectDirPath = "";
			projectRoot = "";
			targets = (
				D397396A1A2E082200D0AB69 /* OpenMRS-iOS */,
				D39739831A2E082300D0AB69 /* OpenMRS-iOSTests */,
			);
		};
/* End PBXProject section */

/* Begin PBXResourcesBuildPhase section */
		D39739691A2E082200D0AB69 /* Resources */ = {
			isa = PBXResourcesBuildPhase;
			buildActionMask = 2147483647;
			files = (
				2494E8EE1B3CDCF300ABFE53 /* launchImage.png in Resources */,
				D3A57DBC1B2E5BF800F25F30 /* active_visits_tab_bar_icon.png in Resources */,
				D3F61E101CC7EB54002F8260 /* Launch Screen.storyboard in Resources */,
				247BC2991B811B3600853B37 /* openmrs-logo@2x.png in Resources */,
				24C1E0E11B793953003A13A9 /* play_button_disabled.png in Resources */,
				24A8DEC71B18C18A00F5FF84 /* active_visits_icon@3x.png in Resources */,
				247BC2911B7FC79400853B37 /* 37x-Checkmark.png in Resources */,
				24D5CECC1B4B4DB500F1D660 /* settings_icon.png in Resources */,
				D3A57DBE1B2E5BF800F25F30 /* active_visits_tab_bar_icon@3x.png in Resources */,
				D396EAF51A36460500191F50 /* search_icon.png in Resources */,
				241240A81B62854B009E172B /* MapViewController.xib in Resources */,
				247BC29A1B811B3600853B37 /* openmrs-logo@3x.png in Resources */,
				D3FAEFFE1A51C1CD002B1BF7 /* Images.xcassets in Resources */,
				240BE3A11B7E2191008E60DE /* form-thumbnail@3x.png in Resources */,
				247BC2981B811B3600853B37 /* openmrs-logo.png in Resources */,
				246BAB2B1B77969B00979E50 /* no-image.png in Resources */,
				245EDDCE1B21A10B00B8C0EB /* vitals_icon@2x.png in Resources */,
				D3A57DBD1B2E5BF800F25F30 /* active_visits_tab_bar_icon@2x.png in Resources */,
				24B974351B3473EF000DD2E7 /* Localizable.strings in Resources */,
				D3079E761A3D4DED00E308C7 /* add_patient_icon.png in Resources */,
				245EDDD11B21A11800B8C0EB /* user_icon@3x.png in Resources */,
				24D5CECD1B4B4DB500F1D660 /* settings_icon@2x.png in Resources */,
				240BE3A31B7E2191008E60DE /* form-thumbnail.png in Resources */,
				240BE3A21B7E2191008E60DE /* form-thumbnail@2x.png in Resources */,
				D3079E751A3D4DED00E308C7 /* add_patient_icon@2x.png in Resources */,
				245EDDC91B21A0F400B8C0EB /* user_icon.png in Resources */,
				248A46171B7A64A400E9F098 /* form-icon.png in Resources */,
				245EDDCD1B21A10B00B8C0EB /* user_icon@2x.png in Resources */,
				248A46191B7A64A400E9F098 /* form-icon@3x.png in Resources */,
				248A46181B7A64A400E9F098 /* form-icon@2x.png in Resources */,
				D396EAF61A36460500191F50 /* search_icon@2x.png in Resources */,
				245EDDD21B21A11800B8C0EB /* vitals_icon@3x.png in Resources */,
				247BC2921B7FC79400853B37 /* 37x-Checkmark@2x.png in Resources */,
				24A8DEC81B18C18A00F5FF84 /* active_visits_icon@2x.png in Resources */,
				24A8DEC91B18C18A00F5FF84 /* active_visits_icon.png in Resources */,
				24C1E0E01B793953003A13A9 /* play_button_active.png in Resources */,
				D3079E771A3D4DED00E308C7 /* add_patient_icon@3x.png in Resources */,
				24D5CECE1B4B4DB500F1D660 /* settings_icon@3x.png in Resources */,
				24C1E0E31B793AF2003A13A9 /* record_plain.png in Resources */,
				245EDDCA1B21A0F400B8C0EB /* vitals_icon.png in Resources */,
				D396EAF71A36460500191F50 /* search_icon@3x.png in Resources */,
				2437140E1B77422500CB9687 /* swipe-icon.png in Resources */,
			);
			runOnlyForDeploymentPostprocessing = 0;
		};
		D39739821A2E082300D0AB69 /* Resources */ = {
			isa = PBXResourcesBuildPhase;
			buildActionMask = 2147483647;
			files = (
			);
			runOnlyForDeploymentPostprocessing = 0;
		};
/* End PBXResourcesBuildPhase section */

/* Begin PBXShellScriptBuildPhase section */
		4B447D2D789118A659448643 /* Copy Pods Resources */ = {
			isa = PBXShellScriptBuildPhase;
			buildActionMask = 2147483647;
			files = (
			);
			inputPaths = (
			);
			name = "Copy Pods Resources";
			outputPaths = (
			);
			runOnlyForDeploymentPostprocessing = 0;
			shellPath = /bin/sh;
			shellScript = "\"${SRCROOT}/Pods/Target Support Files/Pods/Pods-resources.sh\"\n";
			showEnvVarsInLog = 0;
		};
		72EA3C75ED4BFCE100895A38 /* Embed Pods Frameworks */ = {
			isa = PBXShellScriptBuildPhase;
			buildActionMask = 2147483647;
			files = (
			);
			inputPaths = (
			);
			name = "Embed Pods Frameworks";
			outputPaths = (
			);
			runOnlyForDeploymentPostprocessing = 0;
			shellPath = /bin/sh;
			shellScript = "\"${SRCROOT}/Pods/Target Support Files/Pods/Pods-frameworks.sh\"\n";
			showEnvVarsInLog = 0;
		};
		F7E9A591F9F917167E372116 /* Check Pods Manifest.lock */ = {
			isa = PBXShellScriptBuildPhase;
			buildActionMask = 2147483647;
			files = (
			);
			inputPaths = (
			);
			name = "Check Pods Manifest.lock";
			outputPaths = (
			);
			runOnlyForDeploymentPostprocessing = 0;
			shellPath = /bin/sh;
			shellScript = "diff \"${PODS_ROOT}/../Podfile.lock\" \"${PODS_ROOT}/Manifest.lock\" > /dev/null\nif [[ $? != 0 ]] ; then\n    cat << EOM\nerror: The sandbox is not in sync with the Podfile.lock. Run 'pod install' or update your CocoaPods installation.\nEOM\n    exit 1\nfi\n";
			showEnvVarsInLog = 0;
		};
/* End PBXShellScriptBuildPhase section */

/* Begin PBXSourcesBuildPhase section */
		D39739671A2E082200D0AB69 /* Sources */ = {
			isa = PBXSourcesBuildPhase;
			buildActionMask = 2147483647;
			files = (
				247BC28B1B7F7BF100853B37 /* SettingsForm.m in Sources */,
				245E05421B7B89F00065FD45 /* Base64.m in Sources */,
				D396A5471A2E396300DE6448 /* MRSVisit.m in Sources */,
				D3A4728B1A3770B4002A0BBD /* AddPatientTableViewController.m in Sources */,
				D3F797BC1A71F72B008E6064 /* MRSVisitType.swift in Sources */,
				D396A52E1A2E09DE00DE6448 /* CredentialsLayer.m in Sources */,
				247BC2881B7F649A00853B37 /* AddPatientForm.m in Sources */,
				246BAB2F1B77A95700979E50 /* XFormAudioCell.m in Sources */,
				247BC2861B7F5DAA00853B37 /* MRSAlertHandler.m in Sources */,
				D38DB4F51A316FAA00E2CF23 /* EncounterViewController.m in Sources */,
				D38DB4FB1A3216A300E2CF23 /* SelectEncounterTypeView.m in Sources */,
				241240A61B62854B009E172B /* MapViewController.m in Sources */,
				D38DB4FE1A3216CF00E2CF23 /* MRSEncounterType.m in Sources */,
				D38DB4F81A320EF700E2CF23 /* MRSEncounterOb.m in Sources */,
				240F4EE31B5BB22900E943FC /* XFormsList.m in Sources */,
				D39AD7AE1A3C081000C01540 /* MRSVital.m in Sources */,
				D3B241821BD8231400E09F36 /* openmrs-offline.xcdatamodeld in Sources */,
				2436F2B51B49D56C00294B4C /* Constants.m in Sources */,
				D317E7F61A4C6BD300E05212 /* OrderedDictionary.m in Sources */,
				247BC28E1B7FC65600853B37 /* MBProgressExtension.m in Sources */,
				240F4EEF1B5D415100E943FC /* XFormElement.m in Sources */,
				D396A52D1A2E09DE00DE6448 /* MRSPatient.m in Sources */,
				D3540AA51CC69A9900610C26 /* PatientPeekNavigationController.swift in Sources */,
				247B747C1B70B86C00BD3D3A /* XFormsStore.m in Sources */,
				D39AD7AB1A3BFE8600C01540 /* CaptureVitalsTableViewController.m in Sources */,
				243206711B30436700B54970 /* MRSHelperFunctions.m in Sources */,
				D396A5281A2E09DE00DE6448 /* SignInViewController.m in Sources */,
				D3540AA71CC6F17100610C26 /* MapViewController.swift in Sources */,
				2494E8E81B3CC1BC00ABFE53 /* IdentifierTypeCell.m in Sources */,
				D3E47BA91A3A08EF004B3F95 /* MRSPatientIdentifier.m in Sources */,
				240F4EF31B5D852700E943FC /* XFormViewController.m in Sources */,
				D396A5261A2E09DE00DE6448 /* PatientViewController.m in Sources */,
				D396A52C1A2E09DE00DE6448 /* PatientSearchViewController.m in Sources */,
				2412409D1B626B63009E172B /* SimpleAudioViewController.m in Sources */,
				D396A54D1A2E3E5600DE6448 /* PatientEncounterListView.m in Sources */,
				D37674271A3BB114003A8005 /* MRSLocation.m in Sources */,
				2436F2B11B49A01000294B4C /* EditPatientForm.m in Sources */,
				D34BF5391A3BA7BE009205C9 /* AddVisitNoteTableViewController.m in Sources */,
				2475ACA51B7761FB0008094B /* XFormImageCell.m in Sources */,
				243786491B47730900AB5089 /* SyncingEngine.m in Sources */,
				D3DCBBF81A71F4940024D088 /* StartVisitViewController.swift in Sources */,
				D396A52A1A2E09DE00DE6448 /* KeychainItemWrapper.m in Sources */,
				D3A4728E1A37794D002A0BBD /* MRSPerson.m in Sources */,
				24DAC0D71B397F680089AD12 /* MRSVisitCell.m in Sources */,
				D3E47BA61A3A0213004B3F95 /* SelectPatientIdentifierTypeTableViewController.m in Sources */,
				D396A5291A2E09DE00DE6448 /* OpenMRSAPIManager.m in Sources */,
				D3F797BA1A71F690008E6064 /* SelectVisitTypeView.swift in Sources */,
				D39739711A2E082300D0AB69 /* main.m in Sources */,
				D396A5501A2E3F7600DE6448 /* PatientVisitListView.m in Sources */,
				240F4EEB1B5D401000E943FC /* XFormsParser.m in Sources */,
				D3540AAD1CC6F8D400610C26 /* PatientAddressAnnotation.swift in Sources */,
				D396A5271A2E09DE00DE6448 /* AppDelegate.m in Sources */,
				24D127511B0DF6140018AA1D /* MRSDateUtilities.m in Sources */,
				D396A54A1A2E3CBC00DE6448 /* MRSEncounter.m in Sources */,
				D3E47BA31A3A00C0004B3F95 /* MRSPatientIdentifierType.m in Sources */,
				240F4EE71B5BB31600E943FC /* XForms.m in Sources */,
				D396EAF11A363E4000191F50 /* MainMenuCollectionViewController.m in Sources */,
				D376742A1A3BB254003A8005 /* LocationListTableViewController.m in Sources */,
				24A8DECC1B18F66E00F5FF84 /* ActiveVisitsList.m in Sources */,
			);
			runOnlyForDeploymentPostprocessing = 0;
		};
		D39739801A2E082300D0AB69 /* Sources */ = {
			isa = PBXSourcesBuildPhase;
			buildActionMask = 2147483647;
			files = (
				D397398B1A2E082300D0AB69 /* OpenMRS_iOSTests.m in Sources */,
			);
			runOnlyForDeploymentPostprocessing = 0;
		};
/* End PBXSourcesBuildPhase section */

/* Begin PBXTargetDependency section */
		D39739861A2E082300D0AB69 /* PBXTargetDependency */ = {
			isa = PBXTargetDependency;
			target = D397396A1A2E082200D0AB69 /* OpenMRS-iOS */;
			targetProxy = D39739851A2E082300D0AB69 /* PBXContainerItemProxy */;
		};
/* End PBXTargetDependency section */

/* Begin PBXVariantGroup section */
		24B974371B3473EF000DD2E7 /* Localizable.strings */ = {
			isa = PBXVariantGroup;
			children = (
				24B974361B3473EF000DD2E7 /* Base */,
				24B974381B34740E000DD2E7 /* en */,
				243FFBEF1B3AE781007E717D /* fr */,
				2494E8EA1B3CD37100ABFE53 /* de */,
				2437863D1B46A2B600AB5089 /* ms */,
				2437863E1B46A64200AB5089 /* es */,
				2437863F1B46A6C900AB5089 /* ca */,
				243786401B46A75A00AB5089 /* pt */,
			);
			name = Localizable.strings;
			sourceTree = "<group>";
		};
/* End PBXVariantGroup section */

/* Begin XCBuildConfiguration section */
		D397398C1A2E082300D0AB69 /* Debug */ = {
			isa = XCBuildConfiguration;
			baseConfigurationReference = AFA25E06F401CA7D732F7C67 /* Pods.debug.xcconfig */;
			buildSettings = {
				ALWAYS_SEARCH_USER_PATHS = NO;
				CLANG_CXX_LANGUAGE_STANDARD = "gnu++0x";
				CLANG_CXX_LIBRARY = "libc++";
				CLANG_ENABLE_MODULES = YES;
				CLANG_ENABLE_OBJC_ARC = YES;
				CLANG_WARN_BOOL_CONVERSION = YES;
				CLANG_WARN_CONSTANT_CONVERSION = YES;
				CLANG_WARN_DIRECT_OBJC_ISA_USAGE = YES_ERROR;
				CLANG_WARN_EMPTY_BODY = YES;
				CLANG_WARN_ENUM_CONVERSION = YES;
				CLANG_WARN_INT_CONVERSION = YES;
				CLANG_WARN_OBJC_ROOT_CLASS = YES_ERROR;
				CLANG_WARN_UNREACHABLE_CODE = YES;
				CLANG_WARN__DUPLICATE_METHOD_MATCH = YES;
				CODE_SIGN_IDENTITY = "iOS Development: Paul Erway (EQ5J258XZL)";
				"CODE_SIGN_IDENTITY[sdk=iphoneos*]" = "iOS Development: Paul Erway (EQ5J258XZL)";
				COPY_PHASE_STRIP = NO;
				DEFINES_MODULE = NO;
				ENABLE_BITCODE = NO;
				ENABLE_STRICT_OBJC_MSGSEND = YES;
				ENABLE_TESTABILITY = YES;
				GCC_C_LANGUAGE_STANDARD = gnu99;
				GCC_DYNAMIC_NO_PIC = NO;
				GCC_OPTIMIZATION_LEVEL = 0;
				GCC_PREPROCESSOR_DEFINITIONS = (
					"DEBUG=1",
					"$(inherited)",
				);
				GCC_SYMBOLS_PRIVATE_EXTERN = NO;
				GCC_WARN_64_TO_32_BIT_CONVERSION = YES;
				GCC_WARN_ABOUT_RETURN_TYPE = YES_ERROR;
				GCC_WARN_UNDECLARED_SELECTOR = YES;
				GCC_WARN_UNINITIALIZED_AUTOS = YES_AGGRESSIVE;
				GCC_WARN_UNUSED_FUNCTION = YES;
				GCC_WARN_UNUSED_VARIABLE = YES;
				IPHONEOS_DEPLOYMENT_TARGET = 8.2;
				MTL_ENABLE_DEBUG_INFO = YES;
				ONLY_ACTIVE_ARCH = YES;
				PROVISIONING_PROFILE = "39a09aa3-a79b-4a26-b7bd-44752931946a";
				SDKROOT = iphoneos;
			};
			name = Debug;
		};
		D397398D1A2E082300D0AB69 /* Release */ = {
			isa = XCBuildConfiguration;
			buildSettings = {
				ALWAYS_SEARCH_USER_PATHS = NO;
				CLANG_CXX_LANGUAGE_STANDARD = "gnu++0x";
				CLANG_CXX_LIBRARY = "libc++";
				CLANG_ENABLE_MODULES = YES;
				CLANG_ENABLE_OBJC_ARC = YES;
				CLANG_WARN_BOOL_CONVERSION = YES;
				CLANG_WARN_CONSTANT_CONVERSION = YES;
				CLANG_WARN_DIRECT_OBJC_ISA_USAGE = YES_ERROR;
				CLANG_WARN_EMPTY_BODY = YES;
				CLANG_WARN_ENUM_CONVERSION = YES;
				CLANG_WARN_INT_CONVERSION = YES;
				CLANG_WARN_OBJC_ROOT_CLASS = YES_ERROR;
				CLANG_WARN_UNREACHABLE_CODE = YES;
				CLANG_WARN__DUPLICATE_METHOD_MATCH = YES;
				CODE_SIGN_IDENTITY = "iPhone Distribution: Paul Erway (VRGDQ857JW)";
				"CODE_SIGN_IDENTITY[sdk=iphoneos*]" = "iPhone Distribution: Paul Erway (VRGDQ857JW)";
				COPY_PHASE_STRIP = YES;
				DEFINES_MODULE = NO;
				ENABLE_BITCODE = NO;
				ENABLE_NS_ASSERTIONS = NO;
				ENABLE_STRICT_OBJC_MSGSEND = YES;
				GCC_C_LANGUAGE_STANDARD = gnu99;
				GCC_WARN_64_TO_32_BIT_CONVERSION = YES;
				GCC_WARN_ABOUT_RETURN_TYPE = YES_ERROR;
				GCC_WARN_UNDECLARED_SELECTOR = YES;
				GCC_WARN_UNINITIALIZED_AUTOS = YES_AGGRESSIVE;
				GCC_WARN_UNUSED_FUNCTION = YES;
				GCC_WARN_UNUSED_VARIABLE = YES;
				IPHONEOS_DEPLOYMENT_TARGET = 8.2;
				MTL_ENABLE_DEBUG_INFO = NO;
				PROVISIONING_PROFILE = "39a09aa3-a79b-4a26-b7bd-44752931946a";
				SDKROOT = iphoneos;
				VALIDATE_PRODUCT = YES;
			};
			name = Release;
		};
		D397398F1A2E082300D0AB69 /* Debug */ = {
			isa = XCBuildConfiguration;
			baseConfigurationReference = AFA25E06F401CA7D732F7C67 /* Pods.debug.xcconfig */;
			buildSettings = {
				ASSETCATALOG_COMPILER_APPICON_NAME = AppIcon;
				CLANG_ENABLE_MODULES = YES;
				CODE_SIGN_IDENTITY = "iPhone Developer";
				"CODE_SIGN_IDENTITY[sdk=iphoneos*]" = "iOS Development: Paul Erway (EQ5J258XZL)";
				INFOPLIST_FILE = "OpenMRS-iOS/Info.plist";
				IPHONEOS_DEPLOYMENT_TARGET = 8.0;
				LD_RUNPATH_SEARCH_PATHS = "$(inherited) @executable_path/Frameworks";
				PRODUCT_BUNDLE_IDENTIFIER = com.erwaysoftware.openmrs;
				PRODUCT_NAME = "$(TARGET_NAME)";
				PROVISIONING_PROFILE = "8f791365-5e9a-4e00-b0e2-ae2fd5344f76";
				SWIFT_OBJC_BRIDGING_HEADER = "OpenMRS-iOS/OpenMRS-iOS-Bridging-Header.h";
				SWIFT_OPTIMIZATION_LEVEL = "-Onone";
				TARGETED_DEVICE_FAMILY = "1,2";
			};
			name = Debug;
		};
		D39739901A2E082300D0AB69 /* Release */ = {
			isa = XCBuildConfiguration;
			baseConfigurationReference = D21FB0B4A47906E6EF7F24EA /* Pods.release.xcconfig */;
			buildSettings = {
				ASSETCATALOG_COMPILER_APPICON_NAME = AppIcon;
				ASSETCATALOG_COMPILER_LAUNCHIMAGE_NAME = LaunchImage;
				CLANG_ENABLE_MODULES = YES;
				CODE_SIGN_IDENTITY = "iPhone Developer";
				"CODE_SIGN_IDENTITY[sdk=iphoneos*]" = "";
				INFOPLIST_FILE = "OpenMRS-iOS/Info.plist";
				IPHONEOS_DEPLOYMENT_TARGET = 8.0;
				LD_RUNPATH_SEARCH_PATHS = "$(inherited) @executable_path/Frameworks";
				PRODUCT_BUNDLE_IDENTIFIER = com.erwaysoftware.openmrs;
				PRODUCT_NAME = "$(TARGET_NAME)";
				PROVISIONING_PROFILE = "8f791365-5e9a-4e00-b0e2-ae2fd5344f76";
				SWIFT_OBJC_BRIDGING_HEADER = "OpenMRS-iOS/OpenMRS-iOS-Bridging-Header.h";
				TARGETED_DEVICE_FAMILY = "1,2";
			};
			name = Release;
		};
		D39739921A2E082300D0AB69 /* Debug */ = {
			isa = XCBuildConfiguration;
			buildSettings = {
				BUNDLE_LOADER = "$(TEST_HOST)";
				CODE_SIGN_IDENTITY = "iPhone Developer";
				"CODE_SIGN_IDENTITY[sdk=iphoneos*]" = "iPhone Developer";
				FRAMEWORK_SEARCH_PATHS = (
					"$(SDKROOT)/Developer/Library/Frameworks",
					"$(inherited)",
				);
				GCC_PREPROCESSOR_DEFINITIONS = (
					"DEBUG=1",
					"$(inherited)",
				);
				INFOPLIST_FILE = "OpenMRS-iOSTests/Info.plist";
				LD_RUNPATH_SEARCH_PATHS = "$(inherited) @executable_path/Frameworks @loader_path/Frameworks";
				PRODUCT_BUNDLE_IDENTIFIER = "com.erwaysoftware.test.$(PRODUCT_NAME:rfc1034identifier)";
				PRODUCT_NAME = "$(TARGET_NAME)";
				PROVISIONING_PROFILE = "";
				TEST_HOST = "$(BUILT_PRODUCTS_DIR)/OpenMRS-iOS.app/OpenMRS-iOS";
			};
			name = Debug;
		};
		D39739931A2E082300D0AB69 /* Release */ = {
			isa = XCBuildConfiguration;
			baseConfigurationReference = D21FB0B4A47906E6EF7F24EA /* Pods.release.xcconfig */;
			buildSettings = {
				BUNDLE_LOADER = "$(TEST_HOST)";
				CODE_SIGN_IDENTITY = "iPhone Developer";
				"CODE_SIGN_IDENTITY[sdk=iphoneos*]" = "iPhone Developer";
				FRAMEWORK_SEARCH_PATHS = (
					"$(SDKROOT)/Developer/Library/Frameworks",
					"$(inherited)",
				);
				INFOPLIST_FILE = "OpenMRS-iOSTests/Info.plist";
				LD_RUNPATH_SEARCH_PATHS = "$(inherited) @executable_path/Frameworks @loader_path/Frameworks";
				PRODUCT_BUNDLE_IDENTIFIER = "com.erwaysoftware.test.$(PRODUCT_NAME:rfc1034identifier)";
				PRODUCT_NAME = "$(TARGET_NAME)";
				PROVISIONING_PROFILE = "";
				TEST_HOST = "$(BUILT_PRODUCTS_DIR)/OpenMRS-iOS.app/OpenMRS-iOS";
			};
			name = Release;
		};
/* End XCBuildConfiguration section */

/* Begin XCConfigurationList section */
		D39739661A2E082200D0AB69 /* Build configuration list for PBXProject "OpenMRS-iOS" */ = {
			isa = XCConfigurationList;
			buildConfigurations = (
				D397398C1A2E082300D0AB69 /* Debug */,
				D397398D1A2E082300D0AB69 /* Release */,
			);
			defaultConfigurationIsVisible = 0;
			defaultConfigurationName = Release;
		};
		D397398E1A2E082300D0AB69 /* Build configuration list for PBXNativeTarget "OpenMRS-iOS" */ = {
			isa = XCConfigurationList;
			buildConfigurations = (
				D397398F1A2E082300D0AB69 /* Debug */,
				D39739901A2E082300D0AB69 /* Release */,
			);
			defaultConfigurationIsVisible = 0;
			defaultConfigurationName = Release;
		};
		D39739911A2E082300D0AB69 /* Build configuration list for PBXNativeTarget "OpenMRS-iOSTests" */ = {
			isa = XCConfigurationList;
			buildConfigurations = (
				D39739921A2E082300D0AB69 /* Debug */,
				D39739931A2E082300D0AB69 /* Release */,
			);
			defaultConfigurationIsVisible = 0;
			defaultConfigurationName = Release;
		};
/* End XCConfigurationList section */

/* Begin XCVersionGroup section */
		D3B2417F1BD8231400E09F36 /* openmrs-offline.xcdatamodeld */ = {
			isa = XCVersionGroup;
			children = (
				D3B241801BD8231400E09F36 /* openmrs-offline 2.xcdatamodel */,
				D3B241811BD8231400E09F36 /* openmrs-offline.xcdatamodel */,
			);
			currentVersion = D3B241801BD8231400E09F36 /* openmrs-offline 2.xcdatamodel */;
			path = "openmrs-offline.xcdatamodeld";
			sourceTree = "<group>";
			versionGroupType = wrapper.xcdatamodel;
		};
/* End XCVersionGroup section */
	};
	rootObject = D39739631A2E082200D0AB69 /* Project object */;
}
